
Microsoft Visual Studio Solution File, Format Version 12.00
# Visual Studio 15
VisualStudioVersion = 15.0.27004.2005
MinimumVisualStudioVersion = 10.0.40219.1
Project("{FAE04EC0-301F-11D3-BF4B-00C04F79EFBC}") = "SocialTap", "SocialTap\SocialTap.csproj", "{1289472F-5CAC-4B31-A20F-0B20D41B68AA}"
EndProject
Project("{FAE04EC0-301F-11D3-BF4B-00C04F79EFBC}") = "Database", "Database\Database.csproj", "{DCA7BC1B-054C-4C0D-9C40-AE5911A28649}"
EndProject
Project("{FAE04EC0-301F-11D3-BF4B-00C04F79EFBC}") = "SocialTapTests", "SocialTapTests\SocialTapTests.csproj", "{5C000945-87E1-47CF-9C9D-43B3932BEC57}"
EndProject
Project("{FAE04EC0-301F-11D3-BF4B-00C04F79EFBC}") = "Logic", "Logic\Logic.csproj", "{CD2A38FA-A67A-4AFA-A90B-3F7430FC7FB6}"
EndProject
Project("{FAE04EC0-301F-11D3-BF4B-00C04F79EFBC}") = "Services", "Services\Services.csproj", "{6CC9C2C0-4B02-44DB-986B-7AAE2491D19C}"
EndProject
Project("{FAE04EC0-301F-11D3-BF4B-00C04F79EFBC}") = "App1.Android", "App1\App1.Android\App1.Android.csproj", "{43B7C4D8-1DDF-4587-9142-27D969A09BD3}"
EndProject
Project("{FAE04EC0-301F-11D3-BF4B-00C04F79EFBC}") = "App1", "App1\App1\App1.csproj", "{2DB3BB8F-6E3D-45C7-8946-9F5613ABE5CF}"
EndProject
Project("{FAE04EC0-301F-11D3-BF4B-00C04F79EFBC}") = "App1.iOS", "App1\App1.iOS\App1.iOS.csproj", "{2212B7D9-A261-4620-B9B9-30FCBF42726E}"
EndProject
Global
	GlobalSection(SolutionConfigurationPlatforms) = preSolution
		Ad-Hoc|Any CPU = Ad-Hoc|Any CPU
		Ad-Hoc|iPhone = Ad-Hoc|iPhone
		Ad-Hoc|iPhoneSimulator = Ad-Hoc|iPhoneSimulator
		Ad-Hoc|x64 = Ad-Hoc|x64
		AppStore|Any CPU = AppStore|Any CPU
		AppStore|iPhone = AppStore|iPhone
		AppStore|iPhoneSimulator = AppStore|iPhoneSimulator
		AppStore|x64 = AppStore|x64
		Debug|Any CPU = Debug|Any CPU
		Debug|iPhone = Debug|iPhone
		Debug|iPhoneSimulator = Debug|iPhoneSimulator
		Debug|x64 = Debug|x64
		Release|Any CPU = Release|Any CPU
		Release|iPhone = Release|iPhone
		Release|iPhoneSimulator = Release|iPhoneSimulator
		Release|x64 = Release|x64
	EndGlobalSection
	GlobalSection(ProjectConfigurationPlatforms) = postSolution
		{1289472F-5CAC-4B31-A20F-0B20D41B68AA}.Ad-Hoc|Any CPU.ActiveCfg = Release|Any CPU
		{1289472F-5CAC-4B31-A20F-0B20D41B68AA}.Ad-Hoc|Any CPU.Build.0 = Release|Any CPU
		{1289472F-5CAC-4B31-A20F-0B20D41B68AA}.Ad-Hoc|iPhone.ActiveCfg = Release|Any CPU
		{1289472F-5CAC-4B31-A20F-0B20D41B68AA}.Ad-Hoc|iPhone.Build.0 = Release|Any CPU
		{1289472F-5CAC-4B31-A20F-0B20D41B68AA}.Ad-Hoc|iPhoneSimulator.ActiveCfg = Release|Any CPU
		{1289472F-5CAC-4B31-A20F-0B20D41B68AA}.Ad-Hoc|iPhoneSimulator.Build.0 = Release|Any CPU
		{1289472F-5CAC-4B31-A20F-0B20D41B68AA}.Ad-Hoc|x64.ActiveCfg = Release|x64
		{1289472F-5CAC-4B31-A20F-0B20D41B68AA}.Ad-Hoc|x64.Build.0 = Release|x64
		{1289472F-5CAC-4B31-A20F-0B20D41B68AA}.AppStore|Any CPU.ActiveCfg = Release|Any CPU
		{1289472F-5CAC-4B31-A20F-0B20D41B68AA}.AppStore|Any CPU.Build.0 = Release|Any CPU
		{1289472F-5CAC-4B31-A20F-0B20D41B68AA}.AppStore|iPhone.ActiveCfg = Release|Any CPU
		{1289472F-5CAC-4B31-A20F-0B20D41B68AA}.AppStore|iPhone.Build.0 = Release|Any CPU
		{1289472F-5CAC-4B31-A20F-0B20D41B68AA}.AppStore|iPhoneSimulator.ActiveCfg = Release|Any CPU
		{1289472F-5CAC-4B31-A20F-0B20D41B68AA}.AppStore|iPhoneSimulator.Build.0 = Release|Any CPU
		{1289472F-5CAC-4B31-A20F-0B20D41B68AA}.AppStore|x64.ActiveCfg = Release|x64
		{1289472F-5CAC-4B31-A20F-0B20D41B68AA}.AppStore|x64.Build.0 = Release|x64
		{1289472F-5CAC-4B31-A20F-0B20D41B68AA}.Debug|Any CPU.ActiveCfg = Debug|Any CPU
		{1289472F-5CAC-4B31-A20F-0B20D41B68AA}.Debug|Any CPU.Build.0 = Debug|Any CPU
		{1289472F-5CAC-4B31-A20F-0B20D41B68AA}.Debug|iPhone.ActiveCfg = Debug|Any CPU
		{1289472F-5CAC-4B31-A20F-0B20D41B68AA}.Debug|iPhone.Build.0 = Debug|Any CPU
		{1289472F-5CAC-4B31-A20F-0B20D41B68AA}.Debug|iPhoneSimulator.ActiveCfg = Debug|Any CPU
		{1289472F-5CAC-4B31-A20F-0B20D41B68AA}.Debug|iPhoneSimulator.Build.0 = Debug|Any CPU
		{1289472F-5CAC-4B31-A20F-0B20D41B68AA}.Debug|x64.ActiveCfg = Debug|x64
		{1289472F-5CAC-4B31-A20F-0B20D41B68AA}.Debug|x64.Build.0 = Debug|x64
		{1289472F-5CAC-4B31-A20F-0B20D41B68AA}.Release|Any CPU.ActiveCfg = Release|Any CPU
		{1289472F-5CAC-4B31-A20F-0B20D41B68AA}.Release|Any CPU.Build.0 = Release|Any CPU
		{1289472F-5CAC-4B31-A20F-0B20D41B68AA}.Release|iPhone.ActiveCfg = Release|Any CPU
		{1289472F-5CAC-4B31-A20F-0B20D41B68AA}.Release|iPhone.Build.0 = Release|Any CPU
		{1289472F-5CAC-4B31-A20F-0B20D41B68AA}.Release|iPhoneSimulator.ActiveCfg = Release|Any CPU
		{1289472F-5CAC-4B31-A20F-0B20D41B68AA}.Release|iPhoneSimulator.Build.0 = Release|Any CPU
		{1289472F-5CAC-4B31-A20F-0B20D41B68AA}.Release|x64.ActiveCfg = Release|x64
		{1289472F-5CAC-4B31-A20F-0B20D41B68AA}.Release|x64.Build.0 = Release|x64
		{DCA7BC1B-054C-4C0D-9C40-AE5911A28649}.Ad-Hoc|Any CPU.ActiveCfg = Release|Any CPU
		{DCA7BC1B-054C-4C0D-9C40-AE5911A28649}.Ad-Hoc|Any CPU.Build.0 = Release|Any CPU
		{DCA7BC1B-054C-4C0D-9C40-AE5911A28649}.Ad-Hoc|iPhone.ActiveCfg = Release|Any CPU
		{DCA7BC1B-054C-4C0D-9C40-AE5911A28649}.Ad-Hoc|iPhone.Build.0 = Release|Any CPU
		{DCA7BC1B-054C-4C0D-9C40-AE5911A28649}.Ad-Hoc|iPhoneSimulator.ActiveCfg = Release|Any CPU
		{DCA7BC1B-054C-4C0D-9C40-AE5911A28649}.Ad-Hoc|iPhoneSimulator.Build.0 = Release|Any CPU
		{DCA7BC1B-054C-4C0D-9C40-AE5911A28649}.Ad-Hoc|x64.ActiveCfg = Release|Any CPU
		{DCA7BC1B-054C-4C0D-9C40-AE5911A28649}.Ad-Hoc|x64.Build.0 = Release|Any CPU
		{DCA7BC1B-054C-4C0D-9C40-AE5911A28649}.AppStore|Any CPU.ActiveCfg = Release|Any CPU
		{DCA7BC1B-054C-4C0D-9C40-AE5911A28649}.AppStore|Any CPU.Build.0 = Release|Any CPU
		{DCA7BC1B-054C-4C0D-9C40-AE5911A28649}.AppStore|iPhone.ActiveCfg = Release|Any CPU
		{DCA7BC1B-054C-4C0D-9C40-AE5911A28649}.AppStore|iPhone.Build.0 = Release|Any CPU
		{DCA7BC1B-054C-4C0D-9C40-AE5911A28649}.AppStore|iPhoneSimulator.ActiveCfg = Release|Any CPU
		{DCA7BC1B-054C-4C0D-9C40-AE5911A28649}.AppStore|iPhoneSimulator.Build.0 = Release|Any CPU
		{DCA7BC1B-054C-4C0D-9C40-AE5911A28649}.AppStore|x64.ActiveCfg = Release|Any CPU
		{DCA7BC1B-054C-4C0D-9C40-AE5911A28649}.AppStore|x64.Build.0 = Release|Any CPU
		{DCA7BC1B-054C-4C0D-9C40-AE5911A28649}.Debug|Any CPU.ActiveCfg = Debug|Any CPU
		{DCA7BC1B-054C-4C0D-9C40-AE5911A28649}.Debug|Any CPU.Build.0 = Debug|Any CPU
		{DCA7BC1B-054C-4C0D-9C40-AE5911A28649}.Debug|iPhone.ActiveCfg = Debug|Any CPU
		{DCA7BC1B-054C-4C0D-9C40-AE5911A28649}.Debug|iPhone.Build.0 = Debug|Any CPU
		{DCA7BC1B-054C-4C0D-9C40-AE5911A28649}.Debug|iPhoneSimulator.ActiveCfg = Debug|Any CPU
		{DCA7BC1B-054C-4C0D-9C40-AE5911A28649}.Debug|iPhoneSimulator.Build.0 = Debug|Any CPU
		{DCA7BC1B-054C-4C0D-9C40-AE5911A28649}.Debug|x64.ActiveCfg = Debug|Any CPU
		{DCA7BC1B-054C-4C0D-9C40-AE5911A28649}.Debug|x64.Build.0 = Debug|Any CPU
		{DCA7BC1B-054C-4C0D-9C40-AE5911A28649}.Release|Any CPU.ActiveCfg = Release|Any CPU
		{DCA7BC1B-054C-4C0D-9C40-AE5911A28649}.Release|Any CPU.Build.0 = Release|Any CPU
		{DCA7BC1B-054C-4C0D-9C40-AE5911A28649}.Release|iPhone.ActiveCfg = Release|Any CPU
		{DCA7BC1B-054C-4C0D-9C40-AE5911A28649}.Release|iPhone.Build.0 = Release|Any CPU
		{DCA7BC1B-054C-4C0D-9C40-AE5911A28649}.Release|iPhoneSimulator.ActiveCfg = Release|Any CPU
		{DCA7BC1B-054C-4C0D-9C40-AE5911A28649}.Release|iPhoneSimulator.Build.0 = Release|Any CPU
		{DCA7BC1B-054C-4C0D-9C40-AE5911A28649}.Release|x64.ActiveCfg = Release|Any CPU
		{DCA7BC1B-054C-4C0D-9C40-AE5911A28649}.Release|x64.Build.0 = Release|Any CPU
		{5C000945-87E1-47CF-9C9D-43B3932BEC57}.Ad-Hoc|Any CPU.ActiveCfg = Release|Any CPU
		{5C000945-87E1-47CF-9C9D-43B3932BEC57}.Ad-Hoc|Any CPU.Build.0 = Release|Any CPU
		{5C000945-87E1-47CF-9C9D-43B3932BEC57}.Ad-Hoc|iPhone.ActiveCfg = Release|Any CPU
		{5C000945-87E1-47CF-9C9D-43B3932BEC57}.Ad-Hoc|iPhone.Build.0 = Release|Any CPU
		{5C000945-87E1-47CF-9C9D-43B3932BEC57}.Ad-Hoc|iPhoneSimulator.ActiveCfg = Release|Any CPU
		{5C000945-87E1-47CF-9C9D-43B3932BEC57}.Ad-Hoc|iPhoneSimulator.Build.0 = Release|Any CPU
		{5C000945-87E1-47CF-9C9D-43B3932BEC57}.Ad-Hoc|x64.ActiveCfg = Release|Any CPU
		{5C000945-87E1-47CF-9C9D-43B3932BEC57}.Ad-Hoc|x64.Build.0 = Release|Any CPU
		{5C000945-87E1-47CF-9C9D-43B3932BEC57}.AppStore|Any CPU.ActiveCfg = Release|Any CPU
		{5C000945-87E1-47CF-9C9D-43B3932BEC57}.AppStore|Any CPU.Build.0 = Release|Any CPU
		{5C000945-87E1-47CF-9C9D-43B3932BEC57}.AppStore|iPhone.ActiveCfg = Release|Any CPU
		{5C000945-87E1-47CF-9C9D-43B3932BEC57}.AppStore|iPhone.Build.0 = Release|Any CPU
		{5C000945-87E1-47CF-9C9D-43B3932BEC57}.AppStore|iPhoneSimulator.ActiveCfg = Release|Any CPU
		{5C000945-87E1-47CF-9C9D-43B3932BEC57}.AppStore|iPhoneSimulator.Build.0 = Release|Any CPU
		{5C000945-87E1-47CF-9C9D-43B3932BEC57}.AppStore|x64.ActiveCfg = Release|Any CPU
		{5C000945-87E1-47CF-9C9D-43B3932BEC57}.AppStore|x64.Build.0 = Release|Any CPU
		{5C000945-87E1-47CF-9C9D-43B3932BEC57}.Debug|Any CPU.ActiveCfg = Debug|Any CPU
		{5C000945-87E1-47CF-9C9D-43B3932BEC57}.Debug|Any CPU.Build.0 = Debug|Any CPU
		{5C000945-87E1-47CF-9C9D-43B3932BEC57}.Debug|iPhone.ActiveCfg = Debug|Any CPU
		{5C000945-87E1-47CF-9C9D-43B3932BEC57}.Debug|iPhone.Build.0 = Debug|Any CPU
		{5C000945-87E1-47CF-9C9D-43B3932BEC57}.Debug|iPhoneSimulator.ActiveCfg = Debug|Any CPU
		{5C000945-87E1-47CF-9C9D-43B3932BEC57}.Debug|iPhoneSimulator.Build.0 = Debug|Any CPU
		{5C000945-87E1-47CF-9C9D-43B3932BEC57}.Debug|x64.ActiveCfg = Debug|Any CPU
		{5C000945-87E1-47CF-9C9D-43B3932BEC57}.Debug|x64.Build.0 = Debug|Any CPU
		{5C000945-87E1-47CF-9C9D-43B3932BEC57}.Release|Any CPU.ActiveCfg = Release|Any CPU
		{5C000945-87E1-47CF-9C9D-43B3932BEC57}.Release|Any CPU.Build.0 = Release|Any CPU
		{5C000945-87E1-47CF-9C9D-43B3932BEC57}.Release|iPhone.ActiveCfg = Release|Any CPU
		{5C000945-87E1-47CF-9C9D-43B3932BEC57}.Release|iPhone.Build.0 = Release|Any CPU
		{5C000945-87E1-47CF-9C9D-43B3932BEC57}.Release|iPhoneSimulator.ActiveCfg = Release|Any CPU
		{5C000945-87E1-47CF-9C9D-43B3932BEC57}.Release|iPhoneSimulator.Build.0 = Release|Any CPU
		{5C000945-87E1-47CF-9C9D-43B3932BEC57}.Release|x64.ActiveCfg = Release|Any CPU
		{5C000945-87E1-47CF-9C9D-43B3932BEC57}.Release|x64.Build.0 = Release|Any CPU
		{CD2A38FA-A67A-4AFA-A90B-3F7430FC7FB6}.Ad-Hoc|Any CPU.ActiveCfg = Release|Any CPU
		{CD2A38FA-A67A-4AFA-A90B-3F7430FC7FB6}.Ad-Hoc|Any CPU.Build.0 = Release|Any CPU
		{CD2A38FA-A67A-4AFA-A90B-3F7430FC7FB6}.Ad-Hoc|iPhone.ActiveCfg = Release|Any CPU
		{CD2A38FA-A67A-4AFA-A90B-3F7430FC7FB6}.Ad-Hoc|iPhone.Build.0 = Release|Any CPU
		{CD2A38FA-A67A-4AFA-A90B-3F7430FC7FB6}.Ad-Hoc|iPhoneSimulator.ActiveCfg = Release|Any CPU
		{CD2A38FA-A67A-4AFA-A90B-3F7430FC7FB6}.Ad-Hoc|iPhoneSimulator.Build.0 = Release|Any CPU
		{CD2A38FA-A67A-4AFA-A90B-3F7430FC7FB6}.Ad-Hoc|x64.ActiveCfg = Release|Any CPU
		{CD2A38FA-A67A-4AFA-A90B-3F7430FC7FB6}.Ad-Hoc|x64.Build.0 = Release|Any CPU
		{CD2A38FA-A67A-4AFA-A90B-3F7430FC7FB6}.AppStore|Any CPU.ActiveCfg = Release|Any CPU
		{CD2A38FA-A67A-4AFA-A90B-3F7430FC7FB6}.AppStore|Any CPU.Build.0 = Release|Any CPU
		{CD2A38FA-A67A-4AFA-A90B-3F7430FC7FB6}.AppStore|iPhone.ActiveCfg = Release|Any CPU
		{CD2A38FA-A67A-4AFA-A90B-3F7430FC7FB6}.AppStore|iPhone.Build.0 = Release|Any CPU
		{CD2A38FA-A67A-4AFA-A90B-3F7430FC7FB6}.AppStore|iPhoneSimulator.ActiveCfg = Release|Any CPU
		{CD2A38FA-A67A-4AFA-A90B-3F7430FC7FB6}.AppStore|iPhoneSimulator.Build.0 = Release|Any CPU
		{CD2A38FA-A67A-4AFA-A90B-3F7430FC7FB6}.AppStore|x64.ActiveCfg = Release|Any CPU
		{CD2A38FA-A67A-4AFA-A90B-3F7430FC7FB6}.AppStore|x64.Build.0 = Release|Any CPU
		{CD2A38FA-A67A-4AFA-A90B-3F7430FC7FB6}.Debug|Any CPU.ActiveCfg = Debug|Any CPU
		{CD2A38FA-A67A-4AFA-A90B-3F7430FC7FB6}.Debug|Any CPU.Build.0 = Debug|Any CPU
		{CD2A38FA-A67A-4AFA-A90B-3F7430FC7FB6}.Debug|iPhone.ActiveCfg = Debug|Any CPU
		{CD2A38FA-A67A-4AFA-A90B-3F7430FC7FB6}.Debug|iPhone.Build.0 = Debug|Any CPU
		{CD2A38FA-A67A-4AFA-A90B-3F7430FC7FB6}.Debug|iPhoneSimulator.ActiveCfg = Debug|Any CPU
		{CD2A38FA-A67A-4AFA-A90B-3F7430FC7FB6}.Debug|iPhoneSimulator.Build.0 = Debug|Any CPU
		{CD2A38FA-A67A-4AFA-A90B-3F7430FC7FB6}.Debug|x64.ActiveCfg = Debug|x64
		{CD2A38FA-A67A-4AFA-A90B-3F7430FC7FB6}.Debug|x64.Build.0 = Debug|x64
		{CD2A38FA-A67A-4AFA-A90B-3F7430FC7FB6}.Release|Any CPU.ActiveCfg = Release|Any CPU
		{CD2A38FA-A67A-4AFA-A90B-3F7430FC7FB6}.Release|Any CPU.Build.0 = Release|Any CPU
		{CD2A38FA-A67A-4AFA-A90B-3F7430FC7FB6}.Release|iPhone.ActiveCfg = Release|Any CPU
		{CD2A38FA-A67A-4AFA-A90B-3F7430FC7FB6}.Release|iPhone.Build.0 = Release|Any CPU
		{CD2A38FA-A67A-4AFA-A90B-3F7430FC7FB6}.Release|iPhoneSimulator.ActiveCfg = Release|Any CPU
		{CD2A38FA-A67A-4AFA-A90B-3F7430FC7FB6}.Release|iPhoneSimulator.Build.0 = Release|Any CPU
		{CD2A38FA-A67A-4AFA-A90B-3F7430FC7FB6}.Release|x64.ActiveCfg = Release|Any CPU
		{CD2A38FA-A67A-4AFA-A90B-3F7430FC7FB6}.Release|x64.Build.0 = Release|Any CPU
		{6CC9C2C0-4B02-44DB-986B-7AAE2491D19C}.Ad-Hoc|Any CPU.ActiveCfg = Release|Any CPU
		{6CC9C2C0-4B02-44DB-986B-7AAE2491D19C}.Ad-Hoc|Any CPU.Build.0 = Release|Any CPU
		{6CC9C2C0-4B02-44DB-986B-7AAE2491D19C}.Ad-Hoc|iPhone.ActiveCfg = Release|Any CPU
		{6CC9C2C0-4B02-44DB-986B-7AAE2491D19C}.Ad-Hoc|iPhone.Build.0 = Release|Any CPU
		{6CC9C2C0-4B02-44DB-986B-7AAE2491D19C}.Ad-Hoc|iPhoneSimulator.ActiveCfg = Release|Any CPU
		{6CC9C2C0-4B02-44DB-986B-7AAE2491D19C}.Ad-Hoc|iPhoneSimulator.Build.0 = Release|Any CPU
		{6CC9C2C0-4B02-44DB-986B-7AAE2491D19C}.Ad-Hoc|x64.ActiveCfg = Release|Any CPU
		{6CC9C2C0-4B02-44DB-986B-7AAE2491D19C}.Ad-Hoc|x64.Build.0 = Release|Any CPU
		{6CC9C2C0-4B02-44DB-986B-7AAE2491D19C}.AppStore|Any CPU.ActiveCfg = Release|Any CPU
		{6CC9C2C0-4B02-44DB-986B-7AAE2491D19C}.AppStore|Any CPU.Build.0 = Release|Any CPU
		{6CC9C2C0-4B02-44DB-986B-7AAE2491D19C}.AppStore|iPhone.ActiveCfg = Release|Any CPU
		{6CC9C2C0-4B02-44DB-986B-7AAE2491D19C}.AppStore|iPhone.Build.0 = Release|Any CPU
		{6CC9C2C0-4B02-44DB-986B-7AAE2491D19C}.AppStore|iPhoneSimulator.ActiveCfg = Release|Any CPU
		{6CC9C2C0-4B02-44DB-986B-7AAE2491D19C}.AppStore|iPhoneSimulator.Build.0 = Release|Any CPU
		{6CC9C2C0-4B02-44DB-986B-7AAE2491D19C}.AppStore|x64.ActiveCfg = Release|Any CPU
		{6CC9C2C0-4B02-44DB-986B-7AAE2491D19C}.AppStore|x64.Build.0 = Release|Any CPU
		{6CC9C2C0-4B02-44DB-986B-7AAE2491D19C}.Debug|Any CPU.ActiveCfg = Debug|Any CPU
		{6CC9C2C0-4B02-44DB-986B-7AAE2491D19C}.Debug|Any CPU.Build.0 = Debug|Any CPU
		{6CC9C2C0-4B02-44DB-986B-7AAE2491D19C}.Debug|iPhone.ActiveCfg = Debug|Any CPU
		{6CC9C2C0-4B02-44DB-986B-7AAE2491D19C}.Debug|iPhone.Build.0 = Debug|Any CPU
		{6CC9C2C0-4B02-44DB-986B-7AAE2491D19C}.Debug|iPhoneSimulator.ActiveCfg = Debug|Any CPU
		{6CC9C2C0-4B02-44DB-986B-7AAE2491D19C}.Debug|iPhoneSimulator.Build.0 = Debug|Any CPU
		{6CC9C2C0-4B02-44DB-986B-7AAE2491D19C}.Debug|x64.ActiveCfg = Debug|Any CPU
		{6CC9C2C0-4B02-44DB-986B-7AAE2491D19C}.Debug|x64.Build.0 = Debug|Any CPU
		{6CC9C2C0-4B02-44DB-986B-7AAE2491D19C}.Release|Any CPU.ActiveCfg = Release|Any CPU
		{6CC9C2C0-4B02-44DB-986B-7AAE2491D19C}.Release|Any CPU.Build.0 = Release|Any CPU
		{6CC9C2C0-4B02-44DB-986B-7AAE2491D19C}.Release|iPhone.ActiveCfg = Release|Any CPU
		{6CC9C2C0-4B02-44DB-986B-7AAE2491D19C}.Release|iPhone.Build.0 = Release|Any CPU
		{6CC9C2C0-4B02-44DB-986B-7AAE2491D19C}.Release|iPhoneSimulator.ActiveCfg = Release|Any CPU
		{6CC9C2C0-4B02-44DB-986B-7AAE2491D19C}.Release|iPhoneSimulator.Build.0 = Release|Any CPU
		{6CC9C2C0-4B02-44DB-986B-7AAE2491D19C}.Release|x64.ActiveCfg = Release|Any CPU
		{6CC9C2C0-4B02-44DB-986B-7AAE2491D19C}.Release|x64.Build.0 = Release|Any CPU
		{43B7C4D8-1DDF-4587-9142-27D969A09BD3}.Ad-Hoc|Any CPU.ActiveCfg = Release|Any CPU
		{43B7C4D8-1DDF-4587-9142-27D969A09BD3}.Ad-Hoc|Any CPU.Build.0 = Release|Any CPU
		{43B7C4D8-1DDF-4587-9142-27D969A09BD3}.Ad-Hoc|Any CPU.Deploy.0 = Release|Any CPU
		{43B7C4D8-1DDF-4587-9142-27D969A09BD3}.Ad-Hoc|iPhone.ActiveCfg = Release|Any CPU
		{43B7C4D8-1DDF-4587-9142-27D969A09BD3}.Ad-Hoc|iPhone.Build.0 = Release|Any CPU
		{43B7C4D8-1DDF-4587-9142-27D969A09BD3}.Ad-Hoc|iPhone.Deploy.0 = Release|Any CPU
		{43B7C4D8-1DDF-4587-9142-27D969A09BD3}.Ad-Hoc|iPhoneSimulator.ActiveCfg = Release|Any CPU
		{43B7C4D8-1DDF-4587-9142-27D969A09BD3}.Ad-Hoc|iPhoneSimulator.Build.0 = Release|Any CPU
		{43B7C4D8-1DDF-4587-9142-27D969A09BD3}.Ad-Hoc|iPhoneSimulator.Deploy.0 = Release|Any CPU
		{43B7C4D8-1DDF-4587-9142-27D969A09BD3}.Ad-Hoc|x64.ActiveCfg = Release|Any CPU
		{43B7C4D8-1DDF-4587-9142-27D969A09BD3}.Ad-Hoc|x64.Build.0 = Release|Any CPU
		{43B7C4D8-1DDF-4587-9142-27D969A09BD3}.Ad-Hoc|x64.Deploy.0 = Release|Any CPU
		{43B7C4D8-1DDF-4587-9142-27D969A09BD3}.AppStore|Any CPU.ActiveCfg = Release|Any CPU
		{43B7C4D8-1DDF-4587-9142-27D969A09BD3}.AppStore|Any CPU.Build.0 = Release|Any CPU
		{43B7C4D8-1DDF-4587-9142-27D969A09BD3}.AppStore|Any CPU.Deploy.0 = Release|Any CPU
		{43B7C4D8-1DDF-4587-9142-27D969A09BD3}.AppStore|iPhone.ActiveCfg = Release|Any CPU
		{43B7C4D8-1DDF-4587-9142-27D969A09BD3}.AppStore|iPhone.Build.0 = Release|Any CPU
		{43B7C4D8-1DDF-4587-9142-27D969A09BD3}.AppStore|iPhone.Deploy.0 = Release|Any CPU
		{43B7C4D8-1DDF-4587-9142-27D969A09BD3}.AppStore|iPhoneSimulator.ActiveCfg = Release|Any CPU
		{43B7C4D8-1DDF-4587-9142-27D969A09BD3}.AppStore|iPhoneSimulator.Build.0 = Release|Any CPU
		{43B7C4D8-1DDF-4587-9142-27D969A09BD3}.AppStore|iPhoneSimulator.Deploy.0 = Release|Any CPU
		{43B7C4D8-1DDF-4587-9142-27D969A09BD3}.AppStore|x64.ActiveCfg = Release|Any CPU
		{43B7C4D8-1DDF-4587-9142-27D969A09BD3}.AppStore|x64.Build.0 = Release|Any CPU
		{43B7C4D8-1DDF-4587-9142-27D969A09BD3}.AppStore|x64.Deploy.0 = Release|Any CPU
		{43B7C4D8-1DDF-4587-9142-27D969A09BD3}.Debug|Any CPU.ActiveCfg = Debug|Any CPU
		{43B7C4D8-1DDF-4587-9142-27D969A09BD3}.Debug|Any CPU.Build.0 = Debug|Any CPU
		{43B7C4D8-1DDF-4587-9142-27D969A09BD3}.Debug|Any CPU.Deploy.0 = Debug|Any CPU
		{43B7C4D8-1DDF-4587-9142-27D969A09BD3}.Debug|iPhone.ActiveCfg = Debug|Any CPU
		{43B7C4D8-1DDF-4587-9142-27D969A09BD3}.Debug|iPhone.Build.0 = Debug|Any CPU
		{43B7C4D8-1DDF-4587-9142-27D969A09BD3}.Debug|iPhone.Deploy.0 = Debug|Any CPU
		{43B7C4D8-1DDF-4587-9142-27D969A09BD3}.Debug|iPhoneSimulator.ActiveCfg = Debug|Any CPU
		{43B7C4D8-1DDF-4587-9142-27D969A09BD3}.Debug|iPhoneSimulator.Build.0 = Debug|Any CPU
		{43B7C4D8-1DDF-4587-9142-27D969A09BD3}.Debug|iPhoneSimulator.Deploy.0 = Debug|Any CPU
		{43B7C4D8-1DDF-4587-9142-27D969A09BD3}.Debug|x64.ActiveCfg = Debug|Any CPU
		{43B7C4D8-1DDF-4587-9142-27D969A09BD3}.Debug|x64.Build.0 = Debug|Any CPU
		{43B7C4D8-1DDF-4587-9142-27D969A09BD3}.Debug|x64.Deploy.0 = Debug|Any CPU
		{43B7C4D8-1DDF-4587-9142-27D969A09BD3}.Release|Any CPU.ActiveCfg = Release|Any CPU
		{43B7C4D8-1DDF-4587-9142-27D969A09BD3}.Release|Any CPU.Build.0 = Release|Any CPU
		{43B7C4D8-1DDF-4587-9142-27D969A09BD3}.Release|Any CPU.Deploy.0 = Release|Any CPU
		{43B7C4D8-1DDF-4587-9142-27D969A09BD3}.Release|iPhone.ActiveCfg = Release|Any CPU
		{43B7C4D8-1DDF-4587-9142-27D969A09BD3}.Release|iPhone.Build.0 = Release|Any CPU
		{43B7C4D8-1DDF-4587-9142-27D969A09BD3}.Release|iPhone.Deploy.0 = Release|Any CPU
		{43B7C4D8-1DDF-4587-9142-27D969A09BD3}.Release|iPhoneSimulator.ActiveCfg = Release|Any CPU
		{43B7C4D8-1DDF-4587-9142-27D969A09BD3}.Release|iPhoneSimulator.Build.0 = Release|Any CPU
		{43B7C4D8-1DDF-4587-9142-27D969A09BD3}.Release|iPhoneSimulator.Deploy.0 = Release|Any CPU
		{43B7C4D8-1DDF-4587-9142-27D969A09BD3}.Release|x64.ActiveCfg = Release|Any CPU
		{43B7C4D8-1DDF-4587-9142-27D969A09BD3}.Release|x64.Build.0 = Release|Any CPU
		{43B7C4D8-1DDF-4587-9142-27D969A09BD3}.Release|x64.Deploy.0 = Release|Any CPU
		{2DB3BB8F-6E3D-45C7-8946-9F5613ABE5CF}.Ad-Hoc|Any CPU.ActiveCfg = Release|Any CPU
		{2DB3BB8F-6E3D-45C7-8946-9F5613ABE5CF}.Ad-Hoc|Any CPU.Build.0 = Release|Any CPU
		{2DB3BB8F-6E3D-45C7-8946-9F5613ABE5CF}.Ad-Hoc|iPhone.ActiveCfg = Release|Any CPU
		{2DB3BB8F-6E3D-45C7-8946-9F5613ABE5CF}.Ad-Hoc|iPhone.Build.0 = Release|Any CPU
		{2DB3BB8F-6E3D-45C7-8946-9F5613ABE5CF}.Ad-Hoc|iPhoneSimulator.ActiveCfg = Release|Any CPU
		{2DB3BB8F-6E3D-45C7-8946-9F5613ABE5CF}.Ad-Hoc|iPhoneSimulator.Build.0 = Release|Any CPU
		{2DB3BB8F-6E3D-45C7-8946-9F5613ABE5CF}.Ad-Hoc|x64.ActiveCfg = Release|Any CPU
		{2DB3BB8F-6E3D-45C7-8946-9F5613ABE5CF}.Ad-Hoc|x64.Build.0 = Release|Any CPU
		{2DB3BB8F-6E3D-45C7-8946-9F5613ABE5CF}.AppStore|Any CPU.ActiveCfg = Release|Any CPU
		{2DB3BB8F-6E3D-45C7-8946-9F5613ABE5CF}.AppStore|Any CPU.Build.0 = Release|Any CPU
		{2DB3BB8F-6E3D-45C7-8946-9F5613ABE5CF}.AppStore|iPhone.ActiveCfg = Release|Any CPU
		{2DB3BB8F-6E3D-45C7-8946-9F5613ABE5CF}.AppStore|iPhone.Build.0 = Release|Any CPU
		{2DB3BB8F-6E3D-45C7-8946-9F5613ABE5CF}.AppStore|iPhoneSimulator.ActiveCfg = Release|Any CPU
		{2DB3BB8F-6E3D-45C7-8946-9F5613ABE5CF}.AppStore|iPhoneSimulator.Build.0 = Release|Any CPU
		{2DB3BB8F-6E3D-45C7-8946-9F5613ABE5CF}.AppStore|x64.ActiveCfg = Release|Any CPU
		{2DB3BB8F-6E3D-45C7-8946-9F5613ABE5CF}.AppStore|x64.Build.0 = Release|Any CPU
		{2DB3BB8F-6E3D-45C7-8946-9F5613ABE5CF}.Debug|Any CPU.ActiveCfg = Debug|Any CPU
		{2DB3BB8F-6E3D-45C7-8946-9F5613ABE5CF}.Debug|Any CPU.Build.0 = Debug|Any CPU
		{2DB3BB8F-6E3D-45C7-8946-9F5613ABE5CF}.Debug|iPhone.ActiveCfg = Debug|Any CPU
		{2DB3BB8F-6E3D-45C7-8946-9F5613ABE5CF}.Debug|iPhone.Build.0 = Debug|Any CPU
		{2DB3BB8F-6E3D-45C7-8946-9F5613ABE5CF}.Debug|iPhoneSimulator.ActiveCfg = Debug|Any CPU
		{2DB3BB8F-6E3D-45C7-8946-9F5613ABE5CF}.Debug|iPhoneSimulator.Build.0 = Debug|Any CPU
		{2DB3BB8F-6E3D-45C7-8946-9F5613ABE5CF}.Debug|x64.ActiveCfg = Debug|Any CPU
		{2DB3BB8F-6E3D-45C7-8946-9F5613ABE5CF}.Debug|x64.Build.0 = Debug|Any CPU
		{2DB3BB8F-6E3D-45C7-8946-9F5613ABE5CF}.Release|Any CPU.ActiveCfg = Release|Any CPU
		{2DB3BB8F-6E3D-45C7-8946-9F5613ABE5CF}.Release|Any CPU.Build.0 = Release|Any CPU
		{2DB3BB8F-6E3D-45C7-8946-9F5613ABE5CF}.Release|iPhone.ActiveCfg = Release|Any CPU
		{2DB3BB8F-6E3D-45C7-8946-9F5613ABE5CF}.Release|iPhone.Build.0 = Release|Any CPU
		{2DB3BB8F-6E3D-45C7-8946-9F5613ABE5CF}.Release|iPhoneSimulator.ActiveCfg = Release|Any CPU
		{2DB3BB8F-6E3D-45C7-8946-9F5613ABE5CF}.Release|iPhoneSimulator.Build.0 = Release|Any CPU
		{2DB3BB8F-6E3D-45C7-8946-9F5613ABE5CF}.Release|x64.ActiveCfg = Release|Any CPU
		{2DB3BB8F-6E3D-45C7-8946-9F5613ABE5CF}.Release|x64.Build.0 = Release|Any CPU
		{2212B7D9-A261-4620-B9B9-30FCBF42726E}.Ad-Hoc|Any CPU.ActiveCfg = Ad-Hoc|iPhoneSimulator
		{2212B7D9-A261-4620-B9B9-30FCBF42726E}.Ad-Hoc|iPhone.ActiveCfg = Ad-Hoc|iPhone
		{2212B7D9-A261-4620-B9B9-30FCBF42726E}.Ad-Hoc|iPhone.Build.0 = Ad-Hoc|iPhone
		{2212B7D9-A261-4620-B9B9-30FCBF42726E}.Ad-Hoc|iPhoneSimulator.ActiveCfg = Ad-Hoc|iPhoneSimulator
		{2212B7D9-A261-4620-B9B9-30FCBF42726E}.Ad-Hoc|iPhoneSimulator.Build.0 = Ad-Hoc|iPhoneSimulator
		{2212B7D9-A261-4620-B9B9-30FCBF42726E}.Ad-Hoc|x64.ActiveCfg = Ad-Hoc|iPhone
		{2212B7D9-A261-4620-B9B9-30FCBF42726E}.AppStore|Any CPU.ActiveCfg = AppStore|iPhoneSimulator
		{2212B7D9-A261-4620-B9B9-30FCBF42726E}.AppStore|iPhone.ActiveCfg = AppStore|iPhone
		{2212B7D9-A261-4620-B9B9-30FCBF42726E}.AppStore|iPhone.Build.0 = AppStore|iPhone
		{2212B7D9-A261-4620-B9B9-30FCBF42726E}.AppStore|iPhoneSimulator.ActiveCfg = AppStore|iPhoneSimulator
		{2212B7D9-A261-4620-B9B9-30FCBF42726E}.AppStore|iPhoneSimulator.Build.0 = AppStore|iPhoneSimulator
		{2212B7D9-A261-4620-B9B9-30FCBF42726E}.AppStore|x64.ActiveCfg = AppStore|iPhone
		{2212B7D9-A261-4620-B9B9-30FCBF42726E}.Debug|Any CPU.ActiveCfg = Debug|iPhoneSimulator
		{2212B7D9-A261-4620-B9B9-30FCBF42726E}.Debug|iPhone.ActiveCfg = Debug|iPhone
		{2212B7D9-A261-4620-B9B9-30FCBF42726E}.Debug|iPhone.Build.0 = Debug|iPhone
		{2212B7D9-A261-4620-B9B9-30FCBF42726E}.Debug|iPhoneSimulator.ActiveCfg = Debug|iPhoneSimulator
		{2212B7D9-A261-4620-B9B9-30FCBF42726E}.Debug|iPhoneSimulator.Build.0 = Debug|iPhoneSimulator
		{2212B7D9-A261-4620-B9B9-30FCBF42726E}.Debug|x64.ActiveCfg = Debug|iPhone
		{2212B7D9-A261-4620-B9B9-30FCBF42726E}.Release|Any CPU.ActiveCfg = Release|iPhoneSimulator
		{2212B7D9-A261-4620-B9B9-30FCBF42726E}.Release|iPhone.ActiveCfg = Release|iPhone
		{2212B7D9-A261-4620-B9B9-30FCBF42726E}.Release|iPhone.Build.0 = Release|iPhone
		{2212B7D9-A261-4620-B9B9-30FCBF42726E}.Release|iPhoneSimulator.ActiveCfg = Release|iPhoneSimulator
		{2212B7D9-A261-4620-B9B9-30FCBF42726E}.Release|iPhoneSimulator.Build.0 = Release|iPhoneSimulator
		{2212B7D9-A261-4620-B9B9-30FCBF42726E}.Release|x64.ActiveCfg = Release|iPhone
	EndGlobalSection
	GlobalSection(SolutionProperties) = preSolution
		HideSolutionNode = FALSE
	EndGlobalSection
	GlobalSection(ExtensibilityGlobals) = postSolution
		SolutionGuid = {DC3CE1F7-33C6-4B0F-A007-8D6B84440662}
	EndGlobalSection
EndGlobal
