
Microsoft Visual Studio Solution File, Format Version 12.00
# Visual Studio 15
VisualStudioVersion = 15.0.27004.2005
MinimumVisualStudioVersion = 10.0.40219.1
Project("{FAE04EC0-301F-11D3-BF4B-00C04F79EFBC}") = "SocialTap", "SocialTap\SocialTap.csproj", "{1289472F-5CAC-4B31-A20F-0B20D41B68AA}"
EndProject
Project("{FAE04EC0-301F-11D3-BF4B-00C04F79EFBC}") = "Database", "Database\Database.csproj", "{DCA7BC1B-054C-4C0D-9C40-AE5911A28649}"
EndProject
Project("{FAE04EC0-301F-11D3-BF4B-00C04F79EFBC}") = "SocialTapTests", "SocialTapTests\SocialTapTests.csproj", "{5C000945-87E1-47CF-9C9D-43B3932BEC57}"
EndProject
Project("{FAE04EC0-301F-11D3-BF4B-00C04F79EFBC}") = "Logic", "Logic\Logic.csproj", "{CD2A38FA-A67A-4AFA-A90B-3F7430FC7FB6}"
EndProject
Project("{FAE04EC0-301F-11D3-BF4B-00C04F79EFBC}") = "Services", "Services\Services.csproj", "{6CC9C2C0-4B02-44DB-986B-7AAE2491D19C}"
EndProject
Project("{FAE04EC0-301F-11D3-BF4B-00C04F79EFBC}") = "App1.Android", "App1\App1.Android\App1.Android.csproj", "{43B7C4D8-1DDF-4587-9142-27D969A09BD3}"
EndProject
Project("{FAE04EC0-301F-11D3-BF4B-00C04F79EFBC}") = "App1", "App1\App1\App1.csproj", "{2DB3BB8F-6E3D-45C7-8946-9F5613ABE5CF}"
EndProject
Project("{FAE04EC0-301F-11D3-BF4B-00C04F79EFBC}") = "App1.iOS", "App1\App1.iOS\App1.iOS.csproj", "{2212B7D9-A261-4620-B9B9-30FCBF42726E}"
EndProject
Project("{FAE04EC0-301F-11D3-BF4B-00C04F79EFBC}") = "SocialTapApp", "SocialTapApp\SocialTapApp\SocialTapApp.csproj", "{1062D84E-0138-4D9B-B63B-5A2C92322333}"
EndProject
Project("{FAE04EC0-301F-11D3-BF4B-00C04F79EFBC}") = "SocialTapApp.Android", "SocialTapApp\SocialTapApp.Android\SocialTapApp.Android.csproj", "{3F4BDCDB-EBBC-4F00-BF23-4556135CADAA}"
EndProject
Project("{FAE04EC0-301F-11D3-BF4B-00C04F79EFBC}") = "SocialTapApp.iOS", "SocialTapApp\SocialTapApp.iOS\SocialTapApp.iOS.csproj", "{BBAF3C7C-FA08-40C6-B084-20F45066ACD6}"
EndProject
Project("{FAE04EC0-301F-11D3-BF4B-00C04F79EFBC}") = "SocialTapApp.UWP", "SocialTapApp\SocialTapApp.UWP\SocialTapApp.UWP.csproj", "{8F36760C-9513-41D1-A661-364DC251C121}"
EndProject
Project("{FAE04EC0-301F-11D3-BF4B-00C04F79EFBC}") = "SocialTapMobile.Android", "SocialTapMobile\SocialTapMobile.Android\SocialTapMobile.Android.csproj", "{E42AC8D2-75C8-4520-874A-E3D771D61DE1}"
EndProject
Project("{FAE04EC0-301F-11D3-BF4B-00C04F79EFBC}") = "SocialTapMobile", "SocialTapMobile\SocialTapMobile\SocialTapMobile.csproj", "{80A1EEC0-2887-4973-93A6-8B434EC86872}"
EndProject
Project("{FAE04EC0-301F-11D3-BF4B-00C04F79EFBC}") = "SocialTapMobile.UWP", "SocialTapMobile\SocialTapMobile.UWP\SocialTapMobile.UWP.csproj", "{C911AB17-D945-40D0-8D2B-592CAA26ADC6}"
EndProject
Project("{FAE04EC0-301F-11D3-BF4B-00C04F79EFBC}") = "SocialTapMobile.iOS", "SocialTapMobile\SocialTapMobile.iOS\SocialTapMobile.iOS.csproj", "{D69D7900-5202-48A4-BCF1-BD9F0A6E4048}"
EndProject
Global
	GlobalSection(SolutionConfigurationPlatforms) = preSolution
		Ad-Hoc|Any CPU = Ad-Hoc|Any CPU
		Ad-Hoc|ARM = Ad-Hoc|ARM
		Ad-Hoc|iPhone = Ad-Hoc|iPhone
		Ad-Hoc|iPhoneSimulator = Ad-Hoc|iPhoneSimulator
		Ad-Hoc|x64 = Ad-Hoc|x64
		Ad-Hoc|x86 = Ad-Hoc|x86
		AppStore|Any CPU = AppStore|Any CPU
		AppStore|ARM = AppStore|ARM
		AppStore|iPhone = AppStore|iPhone
		AppStore|iPhoneSimulator = AppStore|iPhoneSimulator
		AppStore|x64 = AppStore|x64
		AppStore|x86 = AppStore|x86
		Debug|Any CPU = Debug|Any CPU
		Debug|ARM = Debug|ARM
		Debug|iPhone = Debug|iPhone
		Debug|iPhoneSimulator = Debug|iPhoneSimulator
		Debug|x64 = Debug|x64
		Debug|x86 = Debug|x86
		Release|Any CPU = Release|Any CPU
		Release|ARM = Release|ARM
		Release|iPhone = Release|iPhone
		Release|iPhoneSimulator = Release|iPhoneSimulator
		Release|x64 = Release|x64
		Release|x86 = Release|x86
	EndGlobalSection
	GlobalSection(ProjectConfigurationPlatforms) = postSolution
		{1289472F-5CAC-4B31-A20F-0B20D41B68AA}.Ad-Hoc|Any CPU.ActiveCfg = Release|Any CPU
		{1289472F-5CAC-4B31-A20F-0B20D41B68AA}.Ad-Hoc|Any CPU.Build.0 = Release|Any CPU
		{1289472F-5CAC-4B31-A20F-0B20D41B68AA}.Ad-Hoc|ARM.ActiveCfg = Debug|Any CPU
		{1289472F-5CAC-4B31-A20F-0B20D41B68AA}.Ad-Hoc|ARM.Build.0 = Debug|Any CPU
		{1289472F-5CAC-4B31-A20F-0B20D41B68AA}.Ad-Hoc|iPhone.ActiveCfg = Release|Any CPU
		{1289472F-5CAC-4B31-A20F-0B20D41B68AA}.Ad-Hoc|iPhone.Build.0 = Release|Any CPU
		{1289472F-5CAC-4B31-A20F-0B20D41B68AA}.Ad-Hoc|iPhoneSimulator.ActiveCfg = Release|Any CPU
		{1289472F-5CAC-4B31-A20F-0B20D41B68AA}.Ad-Hoc|iPhoneSimulator.Build.0 = Release|Any CPU
		{1289472F-5CAC-4B31-A20F-0B20D41B68AA}.Ad-Hoc|x64.ActiveCfg = Release|x64
		{1289472F-5CAC-4B31-A20F-0B20D41B68AA}.Ad-Hoc|x64.Build.0 = Release|x64
		{1289472F-5CAC-4B31-A20F-0B20D41B68AA}.Ad-Hoc|x86.ActiveCfg = Debug|Any CPU
		{1289472F-5CAC-4B31-A20F-0B20D41B68AA}.Ad-Hoc|x86.Build.0 = Debug|Any CPU
		{1289472F-5CAC-4B31-A20F-0B20D41B68AA}.AppStore|Any CPU.ActiveCfg = Release|Any CPU
		{1289472F-5CAC-4B31-A20F-0B20D41B68AA}.AppStore|Any CPU.Build.0 = Release|Any CPU
		{1289472F-5CAC-4B31-A20F-0B20D41B68AA}.AppStore|ARM.ActiveCfg = Debug|Any CPU
		{1289472F-5CAC-4B31-A20F-0B20D41B68AA}.AppStore|ARM.Build.0 = Debug|Any CPU
		{1289472F-5CAC-4B31-A20F-0B20D41B68AA}.AppStore|iPhone.ActiveCfg = Release|Any CPU
		{1289472F-5CAC-4B31-A20F-0B20D41B68AA}.AppStore|iPhone.Build.0 = Release|Any CPU
		{1289472F-5CAC-4B31-A20F-0B20D41B68AA}.AppStore|iPhoneSimulator.ActiveCfg = Release|Any CPU
		{1289472F-5CAC-4B31-A20F-0B20D41B68AA}.AppStore|iPhoneSimulator.Build.0 = Release|Any CPU
		{1289472F-5CAC-4B31-A20F-0B20D41B68AA}.AppStore|x64.ActiveCfg = Release|x64
		{1289472F-5CAC-4B31-A20F-0B20D41B68AA}.AppStore|x64.Build.0 = Release|x64
		{1289472F-5CAC-4B31-A20F-0B20D41B68AA}.AppStore|x86.ActiveCfg = Debug|Any CPU
		{1289472F-5CAC-4B31-A20F-0B20D41B68AA}.AppStore|x86.Build.0 = Debug|Any CPU
		{1289472F-5CAC-4B31-A20F-0B20D41B68AA}.Debug|Any CPU.ActiveCfg = Debug|Any CPU
		{1289472F-5CAC-4B31-A20F-0B20D41B68AA}.Debug|Any CPU.Build.0 = Debug|Any CPU
		{1289472F-5CAC-4B31-A20F-0B20D41B68AA}.Debug|ARM.ActiveCfg = Debug|Any CPU
		{1289472F-5CAC-4B31-A20F-0B20D41B68AA}.Debug|ARM.Build.0 = Debug|Any CPU
		{1289472F-5CAC-4B31-A20F-0B20D41B68AA}.Debug|iPhone.ActiveCfg = Debug|Any CPU
		{1289472F-5CAC-4B31-A20F-0B20D41B68AA}.Debug|iPhone.Build.0 = Debug|Any CPU
		{1289472F-5CAC-4B31-A20F-0B20D41B68AA}.Debug|iPhoneSimulator.ActiveCfg = Debug|Any CPU
		{1289472F-5CAC-4B31-A20F-0B20D41B68AA}.Debug|iPhoneSimulator.Build.0 = Debug|Any CPU
		{1289472F-5CAC-4B31-A20F-0B20D41B68AA}.Debug|x64.ActiveCfg = Debug|x64
		{1289472F-5CAC-4B31-A20F-0B20D41B68AA}.Debug|x64.Build.0 = Debug|x64
		{1289472F-5CAC-4B31-A20F-0B20D41B68AA}.Debug|x86.ActiveCfg = Debug|Any CPU
		{1289472F-5CAC-4B31-A20F-0B20D41B68AA}.Debug|x86.Build.0 = Debug|Any CPU
		{1289472F-5CAC-4B31-A20F-0B20D41B68AA}.Release|Any CPU.ActiveCfg = Release|Any CPU
		{1289472F-5CAC-4B31-A20F-0B20D41B68AA}.Release|Any CPU.Build.0 = Release|Any CPU
		{1289472F-5CAC-4B31-A20F-0B20D41B68AA}.Release|ARM.ActiveCfg = Release|Any CPU
		{1289472F-5CAC-4B31-A20F-0B20D41B68AA}.Release|ARM.Build.0 = Release|Any CPU
		{1289472F-5CAC-4B31-A20F-0B20D41B68AA}.Release|iPhone.ActiveCfg = Release|Any CPU
		{1289472F-5CAC-4B31-A20F-0B20D41B68AA}.Release|iPhone.Build.0 = Release|Any CPU
		{1289472F-5CAC-4B31-A20F-0B20D41B68AA}.Release|iPhoneSimulator.ActiveCfg = Release|Any CPU
		{1289472F-5CAC-4B31-A20F-0B20D41B68AA}.Release|iPhoneSimulator.Build.0 = Release|Any CPU
		{1289472F-5CAC-4B31-A20F-0B20D41B68AA}.Release|x64.ActiveCfg = Release|x64
		{1289472F-5CAC-4B31-A20F-0B20D41B68AA}.Release|x64.Build.0 = Release|x64
		{1289472F-5CAC-4B31-A20F-0B20D41B68AA}.Release|x86.ActiveCfg = Release|Any CPU
		{1289472F-5CAC-4B31-A20F-0B20D41B68AA}.Release|x86.Build.0 = Release|Any CPU
		{DCA7BC1B-054C-4C0D-9C40-AE5911A28649}.Ad-Hoc|Any CPU.ActiveCfg = Release|Any CPU
		{DCA7BC1B-054C-4C0D-9C40-AE5911A28649}.Ad-Hoc|Any CPU.Build.0 = Release|Any CPU
		{DCA7BC1B-054C-4C0D-9C40-AE5911A28649}.Ad-Hoc|ARM.ActiveCfg = Debug|Any CPU
		{DCA7BC1B-054C-4C0D-9C40-AE5911A28649}.Ad-Hoc|ARM.Build.0 = Debug|Any CPU
		{DCA7BC1B-054C-4C0D-9C40-AE5911A28649}.Ad-Hoc|iPhone.ActiveCfg = Release|Any CPU
		{DCA7BC1B-054C-4C0D-9C40-AE5911A28649}.Ad-Hoc|iPhone.Build.0 = Release|Any CPU
		{DCA7BC1B-054C-4C0D-9C40-AE5911A28649}.Ad-Hoc|iPhoneSimulator.ActiveCfg = Release|Any CPU
		{DCA7BC1B-054C-4C0D-9C40-AE5911A28649}.Ad-Hoc|iPhoneSimulator.Build.0 = Release|Any CPU
		{DCA7BC1B-054C-4C0D-9C40-AE5911A28649}.Ad-Hoc|x64.ActiveCfg = Release|Any CPU
		{DCA7BC1B-054C-4C0D-9C40-AE5911A28649}.Ad-Hoc|x64.Build.0 = Release|Any CPU
		{DCA7BC1B-054C-4C0D-9C40-AE5911A28649}.Ad-Hoc|x86.ActiveCfg = Debug|Any CPU
		{DCA7BC1B-054C-4C0D-9C40-AE5911A28649}.Ad-Hoc|x86.Build.0 = Debug|Any CPU
		{DCA7BC1B-054C-4C0D-9C40-AE5911A28649}.AppStore|Any CPU.ActiveCfg = Release|Any CPU
		{DCA7BC1B-054C-4C0D-9C40-AE5911A28649}.AppStore|Any CPU.Build.0 = Release|Any CPU
		{DCA7BC1B-054C-4C0D-9C40-AE5911A28649}.AppStore|ARM.ActiveCfg = Debug|Any CPU
		{DCA7BC1B-054C-4C0D-9C40-AE5911A28649}.AppStore|ARM.Build.0 = Debug|Any CPU
		{DCA7BC1B-054C-4C0D-9C40-AE5911A28649}.AppStore|iPhone.ActiveCfg = Release|Any CPU
		{DCA7BC1B-054C-4C0D-9C40-AE5911A28649}.AppStore|iPhone.Build.0 = Release|Any CPU
		{DCA7BC1B-054C-4C0D-9C40-AE5911A28649}.AppStore|iPhoneSimulator.ActiveCfg = Release|Any CPU
		{DCA7BC1B-054C-4C0D-9C40-AE5911A28649}.AppStore|iPhoneSimulator.Build.0 = Release|Any CPU
		{DCA7BC1B-054C-4C0D-9C40-AE5911A28649}.AppStore|x64.ActiveCfg = Release|Any CPU
		{DCA7BC1B-054C-4C0D-9C40-AE5911A28649}.AppStore|x64.Build.0 = Release|Any CPU
		{DCA7BC1B-054C-4C0D-9C40-AE5911A28649}.AppStore|x86.ActiveCfg = Debug|Any CPU
		{DCA7BC1B-054C-4C0D-9C40-AE5911A28649}.AppStore|x86.Build.0 = Debug|Any CPU
		{DCA7BC1B-054C-4C0D-9C40-AE5911A28649}.Debug|Any CPU.ActiveCfg = Debug|Any CPU
		{DCA7BC1B-054C-4C0D-9C40-AE5911A28649}.Debug|Any CPU.Build.0 = Debug|Any CPU
		{DCA7BC1B-054C-4C0D-9C40-AE5911A28649}.Debug|ARM.ActiveCfg = Debug|Any CPU
		{DCA7BC1B-054C-4C0D-9C40-AE5911A28649}.Debug|ARM.Build.0 = Debug|Any CPU
		{DCA7BC1B-054C-4C0D-9C40-AE5911A28649}.Debug|iPhone.ActiveCfg = Debug|Any CPU
		{DCA7BC1B-054C-4C0D-9C40-AE5911A28649}.Debug|iPhone.Build.0 = Debug|Any CPU
		{DCA7BC1B-054C-4C0D-9C40-AE5911A28649}.Debug|iPhoneSimulator.ActiveCfg = Debug|Any CPU
		{DCA7BC1B-054C-4C0D-9C40-AE5911A28649}.Debug|iPhoneSimulator.Build.0 = Debug|Any CPU
		{DCA7BC1B-054C-4C0D-9C40-AE5911A28649}.Debug|x64.ActiveCfg = Debug|Any CPU
		{DCA7BC1B-054C-4C0D-9C40-AE5911A28649}.Debug|x64.Build.0 = Debug|Any CPU
		{DCA7BC1B-054C-4C0D-9C40-AE5911A28649}.Debug|x86.ActiveCfg = Debug|Any CPU
		{DCA7BC1B-054C-4C0D-9C40-AE5911A28649}.Debug|x86.Build.0 = Debug|Any CPU
		{DCA7BC1B-054C-4C0D-9C40-AE5911A28649}.Release|Any CPU.ActiveCfg = Release|Any CPU
		{DCA7BC1B-054C-4C0D-9C40-AE5911A28649}.Release|Any CPU.Build.0 = Release|Any CPU
		{DCA7BC1B-054C-4C0D-9C40-AE5911A28649}.Release|ARM.ActiveCfg = Release|Any CPU
		{DCA7BC1B-054C-4C0D-9C40-AE5911A28649}.Release|ARM.Build.0 = Release|Any CPU
		{DCA7BC1B-054C-4C0D-9C40-AE5911A28649}.Release|iPhone.ActiveCfg = Release|Any CPU
		{DCA7BC1B-054C-4C0D-9C40-AE5911A28649}.Release|iPhone.Build.0 = Release|Any CPU
		{DCA7BC1B-054C-4C0D-9C40-AE5911A28649}.Release|iPhoneSimulator.ActiveCfg = Release|Any CPU
		{DCA7BC1B-054C-4C0D-9C40-AE5911A28649}.Release|iPhoneSimulator.Build.0 = Release|Any CPU
		{DCA7BC1B-054C-4C0D-9C40-AE5911A28649}.Release|x64.ActiveCfg = Release|Any CPU
		{DCA7BC1B-054C-4C0D-9C40-AE5911A28649}.Release|x64.Build.0 = Release|Any CPU
		{DCA7BC1B-054C-4C0D-9C40-AE5911A28649}.Release|x86.ActiveCfg = Release|Any CPU
		{DCA7BC1B-054C-4C0D-9C40-AE5911A28649}.Release|x86.Build.0 = Release|Any CPU
		{5C000945-87E1-47CF-9C9D-43B3932BEC57}.Ad-Hoc|Any CPU.ActiveCfg = Release|Any CPU
		{5C000945-87E1-47CF-9C9D-43B3932BEC57}.Ad-Hoc|Any CPU.Build.0 = Release|Any CPU
		{5C000945-87E1-47CF-9C9D-43B3932BEC57}.Ad-Hoc|ARM.ActiveCfg = Debug|Any CPU
		{5C000945-87E1-47CF-9C9D-43B3932BEC57}.Ad-Hoc|ARM.Build.0 = Debug|Any CPU
		{5C000945-87E1-47CF-9C9D-43B3932BEC57}.Ad-Hoc|iPhone.ActiveCfg = Release|Any CPU
		{5C000945-87E1-47CF-9C9D-43B3932BEC57}.Ad-Hoc|iPhone.Build.0 = Release|Any CPU
		{5C000945-87E1-47CF-9C9D-43B3932BEC57}.Ad-Hoc|iPhoneSimulator.ActiveCfg = Release|Any CPU
		{5C000945-87E1-47CF-9C9D-43B3932BEC57}.Ad-Hoc|iPhoneSimulator.Build.0 = Release|Any CPU
		{5C000945-87E1-47CF-9C9D-43B3932BEC57}.Ad-Hoc|x64.ActiveCfg = Release|Any CPU
		{5C000945-87E1-47CF-9C9D-43B3932BEC57}.Ad-Hoc|x64.Build.0 = Release|Any CPU
		{5C000945-87E1-47CF-9C9D-43B3932BEC57}.Ad-Hoc|x86.ActiveCfg = Debug|Any CPU
		{5C000945-87E1-47CF-9C9D-43B3932BEC57}.Ad-Hoc|x86.Build.0 = Debug|Any CPU
		{5C000945-87E1-47CF-9C9D-43B3932BEC57}.AppStore|Any CPU.ActiveCfg = Release|Any CPU
		{5C000945-87E1-47CF-9C9D-43B3932BEC57}.AppStore|Any CPU.Build.0 = Release|Any CPU
		{5C000945-87E1-47CF-9C9D-43B3932BEC57}.AppStore|ARM.ActiveCfg = Debug|Any CPU
		{5C000945-87E1-47CF-9C9D-43B3932BEC57}.AppStore|ARM.Build.0 = Debug|Any CPU
		{5C000945-87E1-47CF-9C9D-43B3932BEC57}.AppStore|iPhone.ActiveCfg = Release|Any CPU
		{5C000945-87E1-47CF-9C9D-43B3932BEC57}.AppStore|iPhone.Build.0 = Release|Any CPU
		{5C000945-87E1-47CF-9C9D-43B3932BEC57}.AppStore|iPhoneSimulator.ActiveCfg = Release|Any CPU
		{5C000945-87E1-47CF-9C9D-43B3932BEC57}.AppStore|iPhoneSimulator.Build.0 = Release|Any CPU
		{5C000945-87E1-47CF-9C9D-43B3932BEC57}.AppStore|x64.ActiveCfg = Release|Any CPU
		{5C000945-87E1-47CF-9C9D-43B3932BEC57}.AppStore|x64.Build.0 = Release|Any CPU
		{5C000945-87E1-47CF-9C9D-43B3932BEC57}.AppStore|x86.ActiveCfg = Debug|Any CPU
		{5C000945-87E1-47CF-9C9D-43B3932BEC57}.AppStore|x86.Build.0 = Debug|Any CPU
		{5C000945-87E1-47CF-9C9D-43B3932BEC57}.Debug|Any CPU.ActiveCfg = Debug|Any CPU
		{5C000945-87E1-47CF-9C9D-43B3932BEC57}.Debug|Any CPU.Build.0 = Debug|Any CPU
		{5C000945-87E1-47CF-9C9D-43B3932BEC57}.Debug|ARM.ActiveCfg = Debug|Any CPU
		{5C000945-87E1-47CF-9C9D-43B3932BEC57}.Debug|ARM.Build.0 = Debug|Any CPU
		{5C000945-87E1-47CF-9C9D-43B3932BEC57}.Debug|iPhone.ActiveCfg = Debug|Any CPU
		{5C000945-87E1-47CF-9C9D-43B3932BEC57}.Debug|iPhone.Build.0 = Debug|Any CPU
		{5C000945-87E1-47CF-9C9D-43B3932BEC57}.Debug|iPhoneSimulator.ActiveCfg = Debug|Any CPU
		{5C000945-87E1-47CF-9C9D-43B3932BEC57}.Debug|iPhoneSimulator.Build.0 = Debug|Any CPU
		{5C000945-87E1-47CF-9C9D-43B3932BEC57}.Debug|x64.ActiveCfg = Debug|Any CPU
		{5C000945-87E1-47CF-9C9D-43B3932BEC57}.Debug|x64.Build.0 = Debug|Any CPU
		{5C000945-87E1-47CF-9C9D-43B3932BEC57}.Debug|x86.ActiveCfg = Debug|Any CPU
		{5C000945-87E1-47CF-9C9D-43B3932BEC57}.Debug|x86.Build.0 = Debug|Any CPU
		{5C000945-87E1-47CF-9C9D-43B3932BEC57}.Release|Any CPU.ActiveCfg = Release|Any CPU
		{5C000945-87E1-47CF-9C9D-43B3932BEC57}.Release|Any CPU.Build.0 = Release|Any CPU
		{5C000945-87E1-47CF-9C9D-43B3932BEC57}.Release|ARM.ActiveCfg = Release|Any CPU
		{5C000945-87E1-47CF-9C9D-43B3932BEC57}.Release|ARM.Build.0 = Release|Any CPU
		{5C000945-87E1-47CF-9C9D-43B3932BEC57}.Release|iPhone.ActiveCfg = Release|Any CPU
		{5C000945-87E1-47CF-9C9D-43B3932BEC57}.Release|iPhone.Build.0 = Release|Any CPU
		{5C000945-87E1-47CF-9C9D-43B3932BEC57}.Release|iPhoneSimulator.ActiveCfg = Release|Any CPU
		{5C000945-87E1-47CF-9C9D-43B3932BEC57}.Release|iPhoneSimulator.Build.0 = Release|Any CPU
		{5C000945-87E1-47CF-9C9D-43B3932BEC57}.Release|x64.ActiveCfg = Release|Any CPU
		{5C000945-87E1-47CF-9C9D-43B3932BEC57}.Release|x64.Build.0 = Release|Any CPU
		{5C000945-87E1-47CF-9C9D-43B3932BEC57}.Release|x86.ActiveCfg = Release|Any CPU
		{5C000945-87E1-47CF-9C9D-43B3932BEC57}.Release|x86.Build.0 = Release|Any CPU
		{CD2A38FA-A67A-4AFA-A90B-3F7430FC7FB6}.Ad-Hoc|Any CPU.ActiveCfg = Release|Any CPU
		{CD2A38FA-A67A-4AFA-A90B-3F7430FC7FB6}.Ad-Hoc|Any CPU.Build.0 = Release|Any CPU
		{CD2A38FA-A67A-4AFA-A90B-3F7430FC7FB6}.Ad-Hoc|ARM.ActiveCfg = Debug|Any CPU
		{CD2A38FA-A67A-4AFA-A90B-3F7430FC7FB6}.Ad-Hoc|ARM.Build.0 = Debug|Any CPU
		{CD2A38FA-A67A-4AFA-A90B-3F7430FC7FB6}.Ad-Hoc|iPhone.ActiveCfg = Release|Any CPU
		{CD2A38FA-A67A-4AFA-A90B-3F7430FC7FB6}.Ad-Hoc|iPhone.Build.0 = Release|Any CPU
		{CD2A38FA-A67A-4AFA-A90B-3F7430FC7FB6}.Ad-Hoc|iPhoneSimulator.ActiveCfg = Release|Any CPU
		{CD2A38FA-A67A-4AFA-A90B-3F7430FC7FB6}.Ad-Hoc|iPhoneSimulator.Build.0 = Release|Any CPU
		{CD2A38FA-A67A-4AFA-A90B-3F7430FC7FB6}.Ad-Hoc|x64.ActiveCfg = Release|Any CPU
		{CD2A38FA-A67A-4AFA-A90B-3F7430FC7FB6}.Ad-Hoc|x64.Build.0 = Release|Any CPU
		{CD2A38FA-A67A-4AFA-A90B-3F7430FC7FB6}.Ad-Hoc|x86.ActiveCfg = Debug|Any CPU
		{CD2A38FA-A67A-4AFA-A90B-3F7430FC7FB6}.Ad-Hoc|x86.Build.0 = Debug|Any CPU
		{CD2A38FA-A67A-4AFA-A90B-3F7430FC7FB6}.AppStore|Any CPU.ActiveCfg = Release|Any CPU
		{CD2A38FA-A67A-4AFA-A90B-3F7430FC7FB6}.AppStore|Any CPU.Build.0 = Release|Any CPU
		{CD2A38FA-A67A-4AFA-A90B-3F7430FC7FB6}.AppStore|ARM.ActiveCfg = Debug|Any CPU
		{CD2A38FA-A67A-4AFA-A90B-3F7430FC7FB6}.AppStore|ARM.Build.0 = Debug|Any CPU
		{CD2A38FA-A67A-4AFA-A90B-3F7430FC7FB6}.AppStore|iPhone.ActiveCfg = Release|Any CPU
		{CD2A38FA-A67A-4AFA-A90B-3F7430FC7FB6}.AppStore|iPhone.Build.0 = Release|Any CPU
		{CD2A38FA-A67A-4AFA-A90B-3F7430FC7FB6}.AppStore|iPhoneSimulator.ActiveCfg = Release|Any CPU
		{CD2A38FA-A67A-4AFA-A90B-3F7430FC7FB6}.AppStore|iPhoneSimulator.Build.0 = Release|Any CPU
		{CD2A38FA-A67A-4AFA-A90B-3F7430FC7FB6}.AppStore|x64.ActiveCfg = Release|Any CPU
		{CD2A38FA-A67A-4AFA-A90B-3F7430FC7FB6}.AppStore|x64.Build.0 = Release|Any CPU
		{CD2A38FA-A67A-4AFA-A90B-3F7430FC7FB6}.AppStore|x86.ActiveCfg = Debug|Any CPU
		{CD2A38FA-A67A-4AFA-A90B-3F7430FC7FB6}.AppStore|x86.Build.0 = Debug|Any CPU
		{CD2A38FA-A67A-4AFA-A90B-3F7430FC7FB6}.Debug|Any CPU.ActiveCfg = Debug|Any CPU
		{CD2A38FA-A67A-4AFA-A90B-3F7430FC7FB6}.Debug|Any CPU.Build.0 = Debug|Any CPU
		{CD2A38FA-A67A-4AFA-A90B-3F7430FC7FB6}.Debug|ARM.ActiveCfg = Debug|Any CPU
		{CD2A38FA-A67A-4AFA-A90B-3F7430FC7FB6}.Debug|ARM.Build.0 = Debug|Any CPU
		{CD2A38FA-A67A-4AFA-A90B-3F7430FC7FB6}.Debug|iPhone.ActiveCfg = Debug|Any CPU
		{CD2A38FA-A67A-4AFA-A90B-3F7430FC7FB6}.Debug|iPhone.Build.0 = Debug|Any CPU
		{CD2A38FA-A67A-4AFA-A90B-3F7430FC7FB6}.Debug|iPhoneSimulator.ActiveCfg = Debug|Any CPU
		{CD2A38FA-A67A-4AFA-A90B-3F7430FC7FB6}.Debug|iPhoneSimulator.Build.0 = Debug|Any CPU
		{CD2A38FA-A67A-4AFA-A90B-3F7430FC7FB6}.Debug|x64.ActiveCfg = Debug|Any CPU
		{CD2A38FA-A67A-4AFA-A90B-3F7430FC7FB6}.Debug|x64.Build.0 = Debug|Any CPU
		{CD2A38FA-A67A-4AFA-A90B-3F7430FC7FB6}.Debug|x86.ActiveCfg = Debug|Any CPU
		{CD2A38FA-A67A-4AFA-A90B-3F7430FC7FB6}.Debug|x86.Build.0 = Debug|Any CPU
		{CD2A38FA-A67A-4AFA-A90B-3F7430FC7FB6}.Release|Any CPU.ActiveCfg = Release|Any CPU
		{CD2A38FA-A67A-4AFA-A90B-3F7430FC7FB6}.Release|Any CPU.Build.0 = Release|Any CPU
		{CD2A38FA-A67A-4AFA-A90B-3F7430FC7FB6}.Release|ARM.ActiveCfg = Release|Any CPU
		{CD2A38FA-A67A-4AFA-A90B-3F7430FC7FB6}.Release|ARM.Build.0 = Release|Any CPU
		{CD2A38FA-A67A-4AFA-A90B-3F7430FC7FB6}.Release|iPhone.ActiveCfg = Release|Any CPU
		{CD2A38FA-A67A-4AFA-A90B-3F7430FC7FB6}.Release|iPhone.Build.0 = Release|Any CPU
		{CD2A38FA-A67A-4AFA-A90B-3F7430FC7FB6}.Release|iPhoneSimulator.ActiveCfg = Release|Any CPU
		{CD2A38FA-A67A-4AFA-A90B-3F7430FC7FB6}.Release|iPhoneSimulator.Build.0 = Release|Any CPU
		{CD2A38FA-A67A-4AFA-A90B-3F7430FC7FB6}.Release|x64.ActiveCfg = Release|Any CPU
		{CD2A38FA-A67A-4AFA-A90B-3F7430FC7FB6}.Release|x64.Build.0 = Release|Any CPU
		{CD2A38FA-A67A-4AFA-A90B-3F7430FC7FB6}.Release|x86.ActiveCfg = Release|Any CPU
		{CD2A38FA-A67A-4AFA-A90B-3F7430FC7FB6}.Release|x86.Build.0 = Release|Any CPU
		{6CC9C2C0-4B02-44DB-986B-7AAE2491D19C}.Ad-Hoc|Any CPU.ActiveCfg = Release|Any CPU
		{6CC9C2C0-4B02-44DB-986B-7AAE2491D19C}.Ad-Hoc|Any CPU.Build.0 = Release|Any CPU
		{6CC9C2C0-4B02-44DB-986B-7AAE2491D19C}.Ad-Hoc|ARM.ActiveCfg = Debug|Any CPU
		{6CC9C2C0-4B02-44DB-986B-7AAE2491D19C}.Ad-Hoc|ARM.Build.0 = Debug|Any CPU
		{6CC9C2C0-4B02-44DB-986B-7AAE2491D19C}.Ad-Hoc|iPhone.ActiveCfg = Release|Any CPU
		{6CC9C2C0-4B02-44DB-986B-7AAE2491D19C}.Ad-Hoc|iPhone.Build.0 = Release|Any CPU
		{6CC9C2C0-4B02-44DB-986B-7AAE2491D19C}.Ad-Hoc|iPhoneSimulator.ActiveCfg = Release|Any CPU
		{6CC9C2C0-4B02-44DB-986B-7AAE2491D19C}.Ad-Hoc|iPhoneSimulator.Build.0 = Release|Any CPU
		{6CC9C2C0-4B02-44DB-986B-7AAE2491D19C}.Ad-Hoc|x64.ActiveCfg = Release|Any CPU
		{6CC9C2C0-4B02-44DB-986B-7AAE2491D19C}.Ad-Hoc|x64.Build.0 = Release|Any CPU
		{6CC9C2C0-4B02-44DB-986B-7AAE2491D19C}.Ad-Hoc|x86.ActiveCfg = Debug|Any CPU
		{6CC9C2C0-4B02-44DB-986B-7AAE2491D19C}.Ad-Hoc|x86.Build.0 = Debug|Any CPU
		{6CC9C2C0-4B02-44DB-986B-7AAE2491D19C}.AppStore|Any CPU.ActiveCfg = Release|Any CPU
		{6CC9C2C0-4B02-44DB-986B-7AAE2491D19C}.AppStore|Any CPU.Build.0 = Release|Any CPU
		{6CC9C2C0-4B02-44DB-986B-7AAE2491D19C}.AppStore|ARM.ActiveCfg = Debug|Any CPU
		{6CC9C2C0-4B02-44DB-986B-7AAE2491D19C}.AppStore|ARM.Build.0 = Debug|Any CPU
		{6CC9C2C0-4B02-44DB-986B-7AAE2491D19C}.AppStore|iPhone.ActiveCfg = Release|Any CPU
		{6CC9C2C0-4B02-44DB-986B-7AAE2491D19C}.AppStore|iPhone.Build.0 = Release|Any CPU
		{6CC9C2C0-4B02-44DB-986B-7AAE2491D19C}.AppStore|iPhoneSimulator.ActiveCfg = Release|Any CPU
		{6CC9C2C0-4B02-44DB-986B-7AAE2491D19C}.AppStore|iPhoneSimulator.Build.0 = Release|Any CPU
		{6CC9C2C0-4B02-44DB-986B-7AAE2491D19C}.AppStore|x64.ActiveCfg = Release|Any CPU
		{6CC9C2C0-4B02-44DB-986B-7AAE2491D19C}.AppStore|x64.Build.0 = Release|Any CPU
		{6CC9C2C0-4B02-44DB-986B-7AAE2491D19C}.AppStore|x86.ActiveCfg = Debug|Any CPU
		{6CC9C2C0-4B02-44DB-986B-7AAE2491D19C}.AppStore|x86.Build.0 = Debug|Any CPU
		{6CC9C2C0-4B02-44DB-986B-7AAE2491D19C}.Debug|Any CPU.ActiveCfg = Debug|Any CPU
		{6CC9C2C0-4B02-44DB-986B-7AAE2491D19C}.Debug|Any CPU.Build.0 = Debug|Any CPU
		{6CC9C2C0-4B02-44DB-986B-7AAE2491D19C}.Debug|ARM.ActiveCfg = Debug|Any CPU
		{6CC9C2C0-4B02-44DB-986B-7AAE2491D19C}.Debug|ARM.Build.0 = Debug|Any CPU
		{6CC9C2C0-4B02-44DB-986B-7AAE2491D19C}.Debug|iPhone.ActiveCfg = Debug|Any CPU
		{6CC9C2C0-4B02-44DB-986B-7AAE2491D19C}.Debug|iPhone.Build.0 = Debug|Any CPU
		{6CC9C2C0-4B02-44DB-986B-7AAE2491D19C}.Debug|iPhoneSimulator.ActiveCfg = Debug|Any CPU
		{6CC9C2C0-4B02-44DB-986B-7AAE2491D19C}.Debug|iPhoneSimulator.Build.0 = Debug|Any CPU
		{6CC9C2C0-4B02-44DB-986B-7AAE2491D19C}.Debug|x64.ActiveCfg = Debug|Any CPU
		{6CC9C2C0-4B02-44DB-986B-7AAE2491D19C}.Debug|x64.Build.0 = Debug|Any CPU
		{6CC9C2C0-4B02-44DB-986B-7AAE2491D19C}.Debug|x86.ActiveCfg = Debug|Any CPU
		{6CC9C2C0-4B02-44DB-986B-7AAE2491D19C}.Debug|x86.Build.0 = Debug|Any CPU
		{6CC9C2C0-4B02-44DB-986B-7AAE2491D19C}.Release|Any CPU.ActiveCfg = Release|Any CPU
		{6CC9C2C0-4B02-44DB-986B-7AAE2491D19C}.Release|Any CPU.Build.0 = Release|Any CPU
		{6CC9C2C0-4B02-44DB-986B-7AAE2491D19C}.Release|ARM.ActiveCfg = Release|Any CPU
		{6CC9C2C0-4B02-44DB-986B-7AAE2491D19C}.Release|ARM.Build.0 = Release|Any CPU
		{6CC9C2C0-4B02-44DB-986B-7AAE2491D19C}.Release|iPhone.ActiveCfg = Release|Any CPU
		{6CC9C2C0-4B02-44DB-986B-7AAE2491D19C}.Release|iPhone.Build.0 = Release|Any CPU
		{6CC9C2C0-4B02-44DB-986B-7AAE2491D19C}.Release|iPhoneSimulator.ActiveCfg = Release|Any CPU
		{6CC9C2C0-4B02-44DB-986B-7AAE2491D19C}.Release|iPhoneSimulator.Build.0 = Release|Any CPU
		{6CC9C2C0-4B02-44DB-986B-7AAE2491D19C}.Release|x64.ActiveCfg = Release|Any CPU
		{6CC9C2C0-4B02-44DB-986B-7AAE2491D19C}.Release|x64.Build.0 = Release|Any CPU
		{6CC9C2C0-4B02-44DB-986B-7AAE2491D19C}.Release|x86.ActiveCfg = Release|Any CPU
		{6CC9C2C0-4B02-44DB-986B-7AAE2491D19C}.Release|x86.Build.0 = Release|Any CPU
		{43B7C4D8-1DDF-4587-9142-27D969A09BD3}.Ad-Hoc|Any CPU.ActiveCfg = Release|Any CPU
		{43B7C4D8-1DDF-4587-9142-27D969A09BD3}.Ad-Hoc|Any CPU.Build.0 = Release|Any CPU
		{43B7C4D8-1DDF-4587-9142-27D969A09BD3}.Ad-Hoc|Any CPU.Deploy.0 = Release|Any CPU
		{43B7C4D8-1DDF-4587-9142-27D969A09BD3}.Ad-Hoc|ARM.ActiveCfg = Debug|Any CPU
		{43B7C4D8-1DDF-4587-9142-27D969A09BD3}.Ad-Hoc|ARM.Build.0 = Debug|Any CPU
		{43B7C4D8-1DDF-4587-9142-27D969A09BD3}.Ad-Hoc|ARM.Deploy.0 = Debug|Any CPU
		{43B7C4D8-1DDF-4587-9142-27D969A09BD3}.Ad-Hoc|iPhone.ActiveCfg = Release|Any CPU
		{43B7C4D8-1DDF-4587-9142-27D969A09BD3}.Ad-Hoc|iPhone.Build.0 = Release|Any CPU
		{43B7C4D8-1DDF-4587-9142-27D969A09BD3}.Ad-Hoc|iPhone.Deploy.0 = Release|Any CPU
		{43B7C4D8-1DDF-4587-9142-27D969A09BD3}.Ad-Hoc|iPhoneSimulator.ActiveCfg = Release|Any CPU
		{43B7C4D8-1DDF-4587-9142-27D969A09BD3}.Ad-Hoc|iPhoneSimulator.Build.0 = Release|Any CPU
		{43B7C4D8-1DDF-4587-9142-27D969A09BD3}.Ad-Hoc|iPhoneSimulator.Deploy.0 = Release|Any CPU
		{43B7C4D8-1DDF-4587-9142-27D969A09BD3}.Ad-Hoc|x64.ActiveCfg = Release|Any CPU
		{43B7C4D8-1DDF-4587-9142-27D969A09BD3}.Ad-Hoc|x64.Build.0 = Release|Any CPU
		{43B7C4D8-1DDF-4587-9142-27D969A09BD3}.Ad-Hoc|x64.Deploy.0 = Release|Any CPU
		{43B7C4D8-1DDF-4587-9142-27D969A09BD3}.Ad-Hoc|x86.ActiveCfg = Debug|Any CPU
		{43B7C4D8-1DDF-4587-9142-27D969A09BD3}.Ad-Hoc|x86.Build.0 = Debug|Any CPU
		{43B7C4D8-1DDF-4587-9142-27D969A09BD3}.Ad-Hoc|x86.Deploy.0 = Debug|Any CPU
		{43B7C4D8-1DDF-4587-9142-27D969A09BD3}.AppStore|Any CPU.ActiveCfg = Release|Any CPU
		{43B7C4D8-1DDF-4587-9142-27D969A09BD3}.AppStore|Any CPU.Build.0 = Release|Any CPU
		{43B7C4D8-1DDF-4587-9142-27D969A09BD3}.AppStore|Any CPU.Deploy.0 = Release|Any CPU
		{43B7C4D8-1DDF-4587-9142-27D969A09BD3}.AppStore|ARM.ActiveCfg = Debug|Any CPU
		{43B7C4D8-1DDF-4587-9142-27D969A09BD3}.AppStore|ARM.Build.0 = Debug|Any CPU
		{43B7C4D8-1DDF-4587-9142-27D969A09BD3}.AppStore|ARM.Deploy.0 = Debug|Any CPU
		{43B7C4D8-1DDF-4587-9142-27D969A09BD3}.AppStore|iPhone.ActiveCfg = Release|Any CPU
		{43B7C4D8-1DDF-4587-9142-27D969A09BD3}.AppStore|iPhone.Build.0 = Release|Any CPU
		{43B7C4D8-1DDF-4587-9142-27D969A09BD3}.AppStore|iPhone.Deploy.0 = Release|Any CPU
		{43B7C4D8-1DDF-4587-9142-27D969A09BD3}.AppStore|iPhoneSimulator.ActiveCfg = Release|Any CPU
		{43B7C4D8-1DDF-4587-9142-27D969A09BD3}.AppStore|iPhoneSimulator.Build.0 = Release|Any CPU
		{43B7C4D8-1DDF-4587-9142-27D969A09BD3}.AppStore|iPhoneSimulator.Deploy.0 = Release|Any CPU
		{43B7C4D8-1DDF-4587-9142-27D969A09BD3}.AppStore|x64.ActiveCfg = Release|Any CPU
		{43B7C4D8-1DDF-4587-9142-27D969A09BD3}.AppStore|x64.Build.0 = Release|Any CPU
		{43B7C4D8-1DDF-4587-9142-27D969A09BD3}.AppStore|x64.Deploy.0 = Release|Any CPU
		{43B7C4D8-1DDF-4587-9142-27D969A09BD3}.AppStore|x86.ActiveCfg = Debug|Any CPU
		{43B7C4D8-1DDF-4587-9142-27D969A09BD3}.AppStore|x86.Build.0 = Debug|Any CPU
		{43B7C4D8-1DDF-4587-9142-27D969A09BD3}.AppStore|x86.Deploy.0 = Debug|Any CPU
		{43B7C4D8-1DDF-4587-9142-27D969A09BD3}.Debug|Any CPU.ActiveCfg = Debug|Any CPU
		{43B7C4D8-1DDF-4587-9142-27D969A09BD3}.Debug|Any CPU.Build.0 = Debug|Any CPU
		{43B7C4D8-1DDF-4587-9142-27D969A09BD3}.Debug|Any CPU.Deploy.0 = Debug|Any CPU
		{43B7C4D8-1DDF-4587-9142-27D969A09BD3}.Debug|ARM.ActiveCfg = Debug|Any CPU
		{43B7C4D8-1DDF-4587-9142-27D969A09BD3}.Debug|ARM.Build.0 = Debug|Any CPU
		{43B7C4D8-1DDF-4587-9142-27D969A09BD3}.Debug|ARM.Deploy.0 = Debug|Any CPU
		{43B7C4D8-1DDF-4587-9142-27D969A09BD3}.Debug|iPhone.ActiveCfg = Debug|Any CPU
		{43B7C4D8-1DDF-4587-9142-27D969A09BD3}.Debug|iPhone.Build.0 = Debug|Any CPU
		{43B7C4D8-1DDF-4587-9142-27D969A09BD3}.Debug|iPhone.Deploy.0 = Debug|Any CPU
		{43B7C4D8-1DDF-4587-9142-27D969A09BD3}.Debug|iPhoneSimulator.ActiveCfg = Debug|Any CPU
		{43B7C4D8-1DDF-4587-9142-27D969A09BD3}.Debug|iPhoneSimulator.Build.0 = Debug|Any CPU
		{43B7C4D8-1DDF-4587-9142-27D969A09BD3}.Debug|iPhoneSimulator.Deploy.0 = Debug|Any CPU
		{43B7C4D8-1DDF-4587-9142-27D969A09BD3}.Debug|x64.ActiveCfg = Debug|Any CPU
		{43B7C4D8-1DDF-4587-9142-27D969A09BD3}.Debug|x64.Build.0 = Debug|Any CPU
		{43B7C4D8-1DDF-4587-9142-27D969A09BD3}.Debug|x64.Deploy.0 = Debug|Any CPU
		{43B7C4D8-1DDF-4587-9142-27D969A09BD3}.Debug|x86.ActiveCfg = Debug|Any CPU
		{43B7C4D8-1DDF-4587-9142-27D969A09BD3}.Debug|x86.Build.0 = Debug|Any CPU
		{43B7C4D8-1DDF-4587-9142-27D969A09BD3}.Debug|x86.Deploy.0 = Debug|Any CPU
		{43B7C4D8-1DDF-4587-9142-27D969A09BD3}.Release|Any CPU.ActiveCfg = Release|Any CPU
		{43B7C4D8-1DDF-4587-9142-27D969A09BD3}.Release|Any CPU.Build.0 = Release|Any CPU
		{43B7C4D8-1DDF-4587-9142-27D969A09BD3}.Release|Any CPU.Deploy.0 = Release|Any CPU
		{43B7C4D8-1DDF-4587-9142-27D969A09BD3}.Release|ARM.ActiveCfg = Release|Any CPU
		{43B7C4D8-1DDF-4587-9142-27D969A09BD3}.Release|ARM.Build.0 = Release|Any CPU
		{43B7C4D8-1DDF-4587-9142-27D969A09BD3}.Release|ARM.Deploy.0 = Release|Any CPU
		{43B7C4D8-1DDF-4587-9142-27D969A09BD3}.Release|iPhone.ActiveCfg = Release|Any CPU
		{43B7C4D8-1DDF-4587-9142-27D969A09BD3}.Release|iPhone.Build.0 = Release|Any CPU
		{43B7C4D8-1DDF-4587-9142-27D969A09BD3}.Release|iPhone.Deploy.0 = Release|Any CPU
		{43B7C4D8-1DDF-4587-9142-27D969A09BD3}.Release|iPhoneSimulator.ActiveCfg = Release|Any CPU
		{43B7C4D8-1DDF-4587-9142-27D969A09BD3}.Release|iPhoneSimulator.Build.0 = Release|Any CPU
		{43B7C4D8-1DDF-4587-9142-27D969A09BD3}.Release|iPhoneSimulator.Deploy.0 = Release|Any CPU
		{43B7C4D8-1DDF-4587-9142-27D969A09BD3}.Release|x64.ActiveCfg = Release|Any CPU
		{43B7C4D8-1DDF-4587-9142-27D969A09BD3}.Release|x64.Build.0 = Release|Any CPU
		{43B7C4D8-1DDF-4587-9142-27D969A09BD3}.Release|x64.Deploy.0 = Release|Any CPU
		{43B7C4D8-1DDF-4587-9142-27D969A09BD3}.Release|x86.ActiveCfg = Release|Any CPU
		{43B7C4D8-1DDF-4587-9142-27D969A09BD3}.Release|x86.Build.0 = Release|Any CPU
		{43B7C4D8-1DDF-4587-9142-27D969A09BD3}.Release|x86.Deploy.0 = Release|Any CPU
		{2DB3BB8F-6E3D-45C7-8946-9F5613ABE5CF}.Ad-Hoc|Any CPU.ActiveCfg = Release|Any CPU
		{2DB3BB8F-6E3D-45C7-8946-9F5613ABE5CF}.Ad-Hoc|Any CPU.Build.0 = Release|Any CPU
		{2DB3BB8F-6E3D-45C7-8946-9F5613ABE5CF}.Ad-Hoc|ARM.ActiveCfg = Debug|Any CPU
		{2DB3BB8F-6E3D-45C7-8946-9F5613ABE5CF}.Ad-Hoc|ARM.Build.0 = Debug|Any CPU
		{2DB3BB8F-6E3D-45C7-8946-9F5613ABE5CF}.Ad-Hoc|iPhone.ActiveCfg = Release|Any CPU
		{2DB3BB8F-6E3D-45C7-8946-9F5613ABE5CF}.Ad-Hoc|iPhone.Build.0 = Release|Any CPU
		{2DB3BB8F-6E3D-45C7-8946-9F5613ABE5CF}.Ad-Hoc|iPhoneSimulator.ActiveCfg = Release|Any CPU
		{2DB3BB8F-6E3D-45C7-8946-9F5613ABE5CF}.Ad-Hoc|iPhoneSimulator.Build.0 = Release|Any CPU
		{2DB3BB8F-6E3D-45C7-8946-9F5613ABE5CF}.Ad-Hoc|x64.ActiveCfg = Release|Any CPU
		{2DB3BB8F-6E3D-45C7-8946-9F5613ABE5CF}.Ad-Hoc|x64.Build.0 = Release|Any CPU
		{2DB3BB8F-6E3D-45C7-8946-9F5613ABE5CF}.Ad-Hoc|x86.ActiveCfg = Debug|Any CPU
		{2DB3BB8F-6E3D-45C7-8946-9F5613ABE5CF}.Ad-Hoc|x86.Build.0 = Debug|Any CPU
		{2DB3BB8F-6E3D-45C7-8946-9F5613ABE5CF}.AppStore|Any CPU.ActiveCfg = Release|Any CPU
		{2DB3BB8F-6E3D-45C7-8946-9F5613ABE5CF}.AppStore|Any CPU.Build.0 = Release|Any CPU
		{2DB3BB8F-6E3D-45C7-8946-9F5613ABE5CF}.AppStore|ARM.ActiveCfg = Debug|Any CPU
		{2DB3BB8F-6E3D-45C7-8946-9F5613ABE5CF}.AppStore|ARM.Build.0 = Debug|Any CPU
		{2DB3BB8F-6E3D-45C7-8946-9F5613ABE5CF}.AppStore|iPhone.ActiveCfg = Release|Any CPU
		{2DB3BB8F-6E3D-45C7-8946-9F5613ABE5CF}.AppStore|iPhone.Build.0 = Release|Any CPU
		{2DB3BB8F-6E3D-45C7-8946-9F5613ABE5CF}.AppStore|iPhoneSimulator.ActiveCfg = Release|Any CPU
		{2DB3BB8F-6E3D-45C7-8946-9F5613ABE5CF}.AppStore|iPhoneSimulator.Build.0 = Release|Any CPU
		{2DB3BB8F-6E3D-45C7-8946-9F5613ABE5CF}.AppStore|x64.ActiveCfg = Release|Any CPU
		{2DB3BB8F-6E3D-45C7-8946-9F5613ABE5CF}.AppStore|x64.Build.0 = Release|Any CPU
		{2DB3BB8F-6E3D-45C7-8946-9F5613ABE5CF}.AppStore|x86.ActiveCfg = Debug|Any CPU
		{2DB3BB8F-6E3D-45C7-8946-9F5613ABE5CF}.AppStore|x86.Build.0 = Debug|Any CPU
		{2DB3BB8F-6E3D-45C7-8946-9F5613ABE5CF}.Debug|Any CPU.ActiveCfg = Debug|Any CPU
		{2DB3BB8F-6E3D-45C7-8946-9F5613ABE5CF}.Debug|Any CPU.Build.0 = Debug|Any CPU
		{2DB3BB8F-6E3D-45C7-8946-9F5613ABE5CF}.Debug|ARM.ActiveCfg = Debug|Any CPU
		{2DB3BB8F-6E3D-45C7-8946-9F5613ABE5CF}.Debug|ARM.Build.0 = Debug|Any CPU
		{2DB3BB8F-6E3D-45C7-8946-9F5613ABE5CF}.Debug|iPhone.ActiveCfg = Debug|Any CPU
		{2DB3BB8F-6E3D-45C7-8946-9F5613ABE5CF}.Debug|iPhone.Build.0 = Debug|Any CPU
		{2DB3BB8F-6E3D-45C7-8946-9F5613ABE5CF}.Debug|iPhoneSimulator.ActiveCfg = Debug|Any CPU
		{2DB3BB8F-6E3D-45C7-8946-9F5613ABE5CF}.Debug|iPhoneSimulator.Build.0 = Debug|Any CPU
		{2DB3BB8F-6E3D-45C7-8946-9F5613ABE5CF}.Debug|x64.ActiveCfg = Debug|Any CPU
		{2DB3BB8F-6E3D-45C7-8946-9F5613ABE5CF}.Debug|x64.Build.0 = Debug|Any CPU
		{2DB3BB8F-6E3D-45C7-8946-9F5613ABE5CF}.Debug|x86.ActiveCfg = Debug|Any CPU
		{2DB3BB8F-6E3D-45C7-8946-9F5613ABE5CF}.Debug|x86.Build.0 = Debug|Any CPU
		{2DB3BB8F-6E3D-45C7-8946-9F5613ABE5CF}.Release|Any CPU.ActiveCfg = Release|Any CPU
		{2DB3BB8F-6E3D-45C7-8946-9F5613ABE5CF}.Release|Any CPU.Build.0 = Release|Any CPU
		{2DB3BB8F-6E3D-45C7-8946-9F5613ABE5CF}.Release|ARM.ActiveCfg = Release|Any CPU
		{2DB3BB8F-6E3D-45C7-8946-9F5613ABE5CF}.Release|ARM.Build.0 = Release|Any CPU
		{2DB3BB8F-6E3D-45C7-8946-9F5613ABE5CF}.Release|iPhone.ActiveCfg = Release|Any CPU
		{2DB3BB8F-6E3D-45C7-8946-9F5613ABE5CF}.Release|iPhone.Build.0 = Release|Any CPU
		{2DB3BB8F-6E3D-45C7-8946-9F5613ABE5CF}.Release|iPhoneSimulator.ActiveCfg = Release|Any CPU
		{2DB3BB8F-6E3D-45C7-8946-9F5613ABE5CF}.Release|iPhoneSimulator.Build.0 = Release|Any CPU
		{2DB3BB8F-6E3D-45C7-8946-9F5613ABE5CF}.Release|x64.ActiveCfg = Release|Any CPU
		{2DB3BB8F-6E3D-45C7-8946-9F5613ABE5CF}.Release|x64.Build.0 = Release|Any CPU
		{2DB3BB8F-6E3D-45C7-8946-9F5613ABE5CF}.Release|x86.ActiveCfg = Release|Any CPU
		{2DB3BB8F-6E3D-45C7-8946-9F5613ABE5CF}.Release|x86.Build.0 = Release|Any CPU
		{2212B7D9-A261-4620-B9B9-30FCBF42726E}.Ad-Hoc|Any CPU.ActiveCfg = Ad-Hoc|iPhoneSimulator
		{2212B7D9-A261-4620-B9B9-30FCBF42726E}.Ad-Hoc|ARM.ActiveCfg = Ad-Hoc|iPhone
		{2212B7D9-A261-4620-B9B9-30FCBF42726E}.Ad-Hoc|iPhone.ActiveCfg = Ad-Hoc|iPhone
		{2212B7D9-A261-4620-B9B9-30FCBF42726E}.Ad-Hoc|iPhone.Build.0 = Ad-Hoc|iPhone
		{2212B7D9-A261-4620-B9B9-30FCBF42726E}.Ad-Hoc|iPhoneSimulator.ActiveCfg = Ad-Hoc|iPhoneSimulator
		{2212B7D9-A261-4620-B9B9-30FCBF42726E}.Ad-Hoc|iPhoneSimulator.Build.0 = Ad-Hoc|iPhoneSimulator
		{2212B7D9-A261-4620-B9B9-30FCBF42726E}.Ad-Hoc|x64.ActiveCfg = Ad-Hoc|iPhone
		{2212B7D9-A261-4620-B9B9-30FCBF42726E}.Ad-Hoc|x86.ActiveCfg = Ad-Hoc|iPhone
		{2212B7D9-A261-4620-B9B9-30FCBF42726E}.AppStore|Any CPU.ActiveCfg = AppStore|iPhoneSimulator
		{2212B7D9-A261-4620-B9B9-30FCBF42726E}.AppStore|ARM.ActiveCfg = AppStore|iPhone
		{2212B7D9-A261-4620-B9B9-30FCBF42726E}.AppStore|iPhone.ActiveCfg = AppStore|iPhone
		{2212B7D9-A261-4620-B9B9-30FCBF42726E}.AppStore|iPhone.Build.0 = AppStore|iPhone
		{2212B7D9-A261-4620-B9B9-30FCBF42726E}.AppStore|iPhoneSimulator.ActiveCfg = AppStore|iPhoneSimulator
		{2212B7D9-A261-4620-B9B9-30FCBF42726E}.AppStore|iPhoneSimulator.Build.0 = AppStore|iPhoneSimulator
		{2212B7D9-A261-4620-B9B9-30FCBF42726E}.AppStore|x64.ActiveCfg = AppStore|iPhone
		{2212B7D9-A261-4620-B9B9-30FCBF42726E}.AppStore|x86.ActiveCfg = AppStore|iPhone
		{2212B7D9-A261-4620-B9B9-30FCBF42726E}.Debug|Any CPU.ActiveCfg = Debug|iPhoneSimulator
		{2212B7D9-A261-4620-B9B9-30FCBF42726E}.Debug|ARM.ActiveCfg = Debug|iPhone
		{2212B7D9-A261-4620-B9B9-30FCBF42726E}.Debug|iPhone.ActiveCfg = Debug|iPhone
		{2212B7D9-A261-4620-B9B9-30FCBF42726E}.Debug|iPhone.Build.0 = Debug|iPhone
		{2212B7D9-A261-4620-B9B9-30FCBF42726E}.Debug|iPhoneSimulator.ActiveCfg = Debug|iPhoneSimulator
		{2212B7D9-A261-4620-B9B9-30FCBF42726E}.Debug|iPhoneSimulator.Build.0 = Debug|iPhoneSimulator
		{2212B7D9-A261-4620-B9B9-30FCBF42726E}.Debug|x64.ActiveCfg = Debug|iPhone
		{2212B7D9-A261-4620-B9B9-30FCBF42726E}.Debug|x86.ActiveCfg = Debug|iPhone
		{2212B7D9-A261-4620-B9B9-30FCBF42726E}.Release|Any CPU.ActiveCfg = Release|iPhoneSimulator
		{2212B7D9-A261-4620-B9B9-30FCBF42726E}.Release|ARM.ActiveCfg = Release|iPhone
		{2212B7D9-A261-4620-B9B9-30FCBF42726E}.Release|iPhone.ActiveCfg = Release|iPhone
		{2212B7D9-A261-4620-B9B9-30FCBF42726E}.Release|iPhone.Build.0 = Release|iPhone
		{2212B7D9-A261-4620-B9B9-30FCBF42726E}.Release|iPhoneSimulator.ActiveCfg = Release|iPhoneSimulator
		{2212B7D9-A261-4620-B9B9-30FCBF42726E}.Release|iPhoneSimulator.Build.0 = Release|iPhoneSimulator
		{2212B7D9-A261-4620-B9B9-30FCBF42726E}.Release|x64.ActiveCfg = Release|iPhone
		{2212B7D9-A261-4620-B9B9-30FCBF42726E}.Release|x86.ActiveCfg = Release|iPhone
		{1062D84E-0138-4D9B-B63B-5A2C92322333}.Ad-Hoc|Any CPU.ActiveCfg = Release|Any CPU
		{1062D84E-0138-4D9B-B63B-5A2C92322333}.Ad-Hoc|Any CPU.Build.0 = Release|Any CPU
		{1062D84E-0138-4D9B-B63B-5A2C92322333}.Ad-Hoc|ARM.ActiveCfg = Release|Any CPU
		{1062D84E-0138-4D9B-B63B-5A2C92322333}.Ad-Hoc|ARM.Build.0 = Release|Any CPU
		{1062D84E-0138-4D9B-B63B-5A2C92322333}.Ad-Hoc|iPhone.ActiveCfg = Release|Any CPU
		{1062D84E-0138-4D9B-B63B-5A2C92322333}.Ad-Hoc|iPhone.Build.0 = Release|Any CPU
		{1062D84E-0138-4D9B-B63B-5A2C92322333}.Ad-Hoc|iPhoneSimulator.ActiveCfg = Release|Any CPU
		{1062D84E-0138-4D9B-B63B-5A2C92322333}.Ad-Hoc|iPhoneSimulator.Build.0 = Release|Any CPU
		{1062D84E-0138-4D9B-B63B-5A2C92322333}.Ad-Hoc|x64.ActiveCfg = Release|Any CPU
		{1062D84E-0138-4D9B-B63B-5A2C92322333}.Ad-Hoc|x64.Build.0 = Release|Any CPU
		{1062D84E-0138-4D9B-B63B-5A2C92322333}.Ad-Hoc|x86.ActiveCfg = Release|Any CPU
		{1062D84E-0138-4D9B-B63B-5A2C92322333}.Ad-Hoc|x86.Build.0 = Release|Any CPU
		{1062D84E-0138-4D9B-B63B-5A2C92322333}.AppStore|Any CPU.ActiveCfg = Release|Any CPU
		{1062D84E-0138-4D9B-B63B-5A2C92322333}.AppStore|Any CPU.Build.0 = Release|Any CPU
		{1062D84E-0138-4D9B-B63B-5A2C92322333}.AppStore|ARM.ActiveCfg = Release|Any CPU
		{1062D84E-0138-4D9B-B63B-5A2C92322333}.AppStore|ARM.Build.0 = Release|Any CPU
		{1062D84E-0138-4D9B-B63B-5A2C92322333}.AppStore|iPhone.ActiveCfg = Release|Any CPU
		{1062D84E-0138-4D9B-B63B-5A2C92322333}.AppStore|iPhone.Build.0 = Release|Any CPU
		{1062D84E-0138-4D9B-B63B-5A2C92322333}.AppStore|iPhoneSimulator.ActiveCfg = Release|Any CPU
		{1062D84E-0138-4D9B-B63B-5A2C92322333}.AppStore|iPhoneSimulator.Build.0 = Release|Any CPU
		{1062D84E-0138-4D9B-B63B-5A2C92322333}.AppStore|x64.ActiveCfg = Release|Any CPU
		{1062D84E-0138-4D9B-B63B-5A2C92322333}.AppStore|x64.Build.0 = Release|Any CPU
		{1062D84E-0138-4D9B-B63B-5A2C92322333}.AppStore|x86.ActiveCfg = Release|Any CPU
		{1062D84E-0138-4D9B-B63B-5A2C92322333}.AppStore|x86.Build.0 = Release|Any CPU
		{1062D84E-0138-4D9B-B63B-5A2C92322333}.Debug|Any CPU.ActiveCfg = Debug|Any CPU
		{1062D84E-0138-4D9B-B63B-5A2C92322333}.Debug|Any CPU.Build.0 = Debug|Any CPU
		{1062D84E-0138-4D9B-B63B-5A2C92322333}.Debug|ARM.ActiveCfg = Debug|Any CPU
		{1062D84E-0138-4D9B-B63B-5A2C92322333}.Debug|ARM.Build.0 = Debug|Any CPU
		{1062D84E-0138-4D9B-B63B-5A2C92322333}.Debug|iPhone.ActiveCfg = Debug|Any CPU
		{1062D84E-0138-4D9B-B63B-5A2C92322333}.Debug|iPhone.Build.0 = Debug|Any CPU
		{1062D84E-0138-4D9B-B63B-5A2C92322333}.Debug|iPhoneSimulator.ActiveCfg = Debug|Any CPU
		{1062D84E-0138-4D9B-B63B-5A2C92322333}.Debug|iPhoneSimulator.Build.0 = Debug|Any CPU
		{1062D84E-0138-4D9B-B63B-5A2C92322333}.Debug|x64.ActiveCfg = Debug|Any CPU
		{1062D84E-0138-4D9B-B63B-5A2C92322333}.Debug|x64.Build.0 = Debug|Any CPU
		{1062D84E-0138-4D9B-B63B-5A2C92322333}.Debug|x86.ActiveCfg = Debug|Any CPU
		{1062D84E-0138-4D9B-B63B-5A2C92322333}.Debug|x86.Build.0 = Debug|Any CPU
		{1062D84E-0138-4D9B-B63B-5A2C92322333}.Release|Any CPU.ActiveCfg = Release|Any CPU
		{1062D84E-0138-4D9B-B63B-5A2C92322333}.Release|Any CPU.Build.0 = Release|Any CPU
		{1062D84E-0138-4D9B-B63B-5A2C92322333}.Release|ARM.ActiveCfg = Release|Any CPU
		{1062D84E-0138-4D9B-B63B-5A2C92322333}.Release|ARM.Build.0 = Release|Any CPU
		{1062D84E-0138-4D9B-B63B-5A2C92322333}.Release|iPhone.ActiveCfg = Release|Any CPU
		{1062D84E-0138-4D9B-B63B-5A2C92322333}.Release|iPhone.Build.0 = Release|Any CPU
		{1062D84E-0138-4D9B-B63B-5A2C92322333}.Release|iPhoneSimulator.ActiveCfg = Release|Any CPU
		{1062D84E-0138-4D9B-B63B-5A2C92322333}.Release|iPhoneSimulator.Build.0 = Release|Any CPU
		{1062D84E-0138-4D9B-B63B-5A2C92322333}.Release|x64.ActiveCfg = Release|Any CPU
		{1062D84E-0138-4D9B-B63B-5A2C92322333}.Release|x64.Build.0 = Release|Any CPU
		{1062D84E-0138-4D9B-B63B-5A2C92322333}.Release|x86.ActiveCfg = Release|Any CPU
		{1062D84E-0138-4D9B-B63B-5A2C92322333}.Release|x86.Build.0 = Release|Any CPU
		{3F4BDCDB-EBBC-4F00-BF23-4556135CADAA}.Ad-Hoc|Any CPU.ActiveCfg = Release|Any CPU
		{3F4BDCDB-EBBC-4F00-BF23-4556135CADAA}.Ad-Hoc|Any CPU.Build.0 = Release|Any CPU
		{3F4BDCDB-EBBC-4F00-BF23-4556135CADAA}.Ad-Hoc|Any CPU.Deploy.0 = Release|Any CPU
		{3F4BDCDB-EBBC-4F00-BF23-4556135CADAA}.Ad-Hoc|ARM.ActiveCfg = Release|Any CPU
		{3F4BDCDB-EBBC-4F00-BF23-4556135CADAA}.Ad-Hoc|ARM.Build.0 = Release|Any CPU
		{3F4BDCDB-EBBC-4F00-BF23-4556135CADAA}.Ad-Hoc|ARM.Deploy.0 = Release|Any CPU
		{3F4BDCDB-EBBC-4F00-BF23-4556135CADAA}.Ad-Hoc|iPhone.ActiveCfg = Release|Any CPU
		{3F4BDCDB-EBBC-4F00-BF23-4556135CADAA}.Ad-Hoc|iPhone.Build.0 = Release|Any CPU
		{3F4BDCDB-EBBC-4F00-BF23-4556135CADAA}.Ad-Hoc|iPhone.Deploy.0 = Release|Any CPU
		{3F4BDCDB-EBBC-4F00-BF23-4556135CADAA}.Ad-Hoc|iPhoneSimulator.ActiveCfg = Release|Any CPU
		{3F4BDCDB-EBBC-4F00-BF23-4556135CADAA}.Ad-Hoc|iPhoneSimulator.Build.0 = Release|Any CPU
		{3F4BDCDB-EBBC-4F00-BF23-4556135CADAA}.Ad-Hoc|iPhoneSimulator.Deploy.0 = Release|Any CPU
		{3F4BDCDB-EBBC-4F00-BF23-4556135CADAA}.Ad-Hoc|x64.ActiveCfg = Release|Any CPU
		{3F4BDCDB-EBBC-4F00-BF23-4556135CADAA}.Ad-Hoc|x64.Build.0 = Release|Any CPU
		{3F4BDCDB-EBBC-4F00-BF23-4556135CADAA}.Ad-Hoc|x64.Deploy.0 = Release|Any CPU
		{3F4BDCDB-EBBC-4F00-BF23-4556135CADAA}.Ad-Hoc|x86.ActiveCfg = Release|Any CPU
		{3F4BDCDB-EBBC-4F00-BF23-4556135CADAA}.Ad-Hoc|x86.Build.0 = Release|Any CPU
		{3F4BDCDB-EBBC-4F00-BF23-4556135CADAA}.Ad-Hoc|x86.Deploy.0 = Release|Any CPU
		{3F4BDCDB-EBBC-4F00-BF23-4556135CADAA}.AppStore|Any CPU.ActiveCfg = Release|Any CPU
		{3F4BDCDB-EBBC-4F00-BF23-4556135CADAA}.AppStore|Any CPU.Build.0 = Release|Any CPU
		{3F4BDCDB-EBBC-4F00-BF23-4556135CADAA}.AppStore|Any CPU.Deploy.0 = Release|Any CPU
		{3F4BDCDB-EBBC-4F00-BF23-4556135CADAA}.AppStore|ARM.ActiveCfg = Release|Any CPU
		{3F4BDCDB-EBBC-4F00-BF23-4556135CADAA}.AppStore|ARM.Build.0 = Release|Any CPU
		{3F4BDCDB-EBBC-4F00-BF23-4556135CADAA}.AppStore|ARM.Deploy.0 = Release|Any CPU
		{3F4BDCDB-EBBC-4F00-BF23-4556135CADAA}.AppStore|iPhone.ActiveCfg = Release|Any CPU
		{3F4BDCDB-EBBC-4F00-BF23-4556135CADAA}.AppStore|iPhone.Build.0 = Release|Any CPU
		{3F4BDCDB-EBBC-4F00-BF23-4556135CADAA}.AppStore|iPhone.Deploy.0 = Release|Any CPU
		{3F4BDCDB-EBBC-4F00-BF23-4556135CADAA}.AppStore|iPhoneSimulator.ActiveCfg = Release|Any CPU
		{3F4BDCDB-EBBC-4F00-BF23-4556135CADAA}.AppStore|iPhoneSimulator.Build.0 = Release|Any CPU
		{3F4BDCDB-EBBC-4F00-BF23-4556135CADAA}.AppStore|iPhoneSimulator.Deploy.0 = Release|Any CPU
		{3F4BDCDB-EBBC-4F00-BF23-4556135CADAA}.AppStore|x64.ActiveCfg = Release|Any CPU
		{3F4BDCDB-EBBC-4F00-BF23-4556135CADAA}.AppStore|x64.Build.0 = Release|Any CPU
		{3F4BDCDB-EBBC-4F00-BF23-4556135CADAA}.AppStore|x64.Deploy.0 = Release|Any CPU
		{3F4BDCDB-EBBC-4F00-BF23-4556135CADAA}.AppStore|x86.ActiveCfg = Release|Any CPU
		{3F4BDCDB-EBBC-4F00-BF23-4556135CADAA}.AppStore|x86.Build.0 = Release|Any CPU
		{3F4BDCDB-EBBC-4F00-BF23-4556135CADAA}.AppStore|x86.Deploy.0 = Release|Any CPU
		{3F4BDCDB-EBBC-4F00-BF23-4556135CADAA}.Debug|Any CPU.ActiveCfg = Debug|Any CPU
		{3F4BDCDB-EBBC-4F00-BF23-4556135CADAA}.Debug|Any CPU.Build.0 = Debug|Any CPU
		{3F4BDCDB-EBBC-4F00-BF23-4556135CADAA}.Debug|Any CPU.Deploy.0 = Debug|Any CPU
		{3F4BDCDB-EBBC-4F00-BF23-4556135CADAA}.Debug|ARM.ActiveCfg = Debug|Any CPU
		{3F4BDCDB-EBBC-4F00-BF23-4556135CADAA}.Debug|ARM.Build.0 = Debug|Any CPU
		{3F4BDCDB-EBBC-4F00-BF23-4556135CADAA}.Debug|ARM.Deploy.0 = Debug|Any CPU
		{3F4BDCDB-EBBC-4F00-BF23-4556135CADAA}.Debug|iPhone.ActiveCfg = Debug|Any CPU
		{3F4BDCDB-EBBC-4F00-BF23-4556135CADAA}.Debug|iPhone.Build.0 = Debug|Any CPU
		{3F4BDCDB-EBBC-4F00-BF23-4556135CADAA}.Debug|iPhone.Deploy.0 = Debug|Any CPU
		{3F4BDCDB-EBBC-4F00-BF23-4556135CADAA}.Debug|iPhoneSimulator.ActiveCfg = Debug|Any CPU
		{3F4BDCDB-EBBC-4F00-BF23-4556135CADAA}.Debug|iPhoneSimulator.Build.0 = Debug|Any CPU
		{3F4BDCDB-EBBC-4F00-BF23-4556135CADAA}.Debug|iPhoneSimulator.Deploy.0 = Debug|Any CPU
		{3F4BDCDB-EBBC-4F00-BF23-4556135CADAA}.Debug|x64.ActiveCfg = Debug|Any CPU
		{3F4BDCDB-EBBC-4F00-BF23-4556135CADAA}.Debug|x64.Build.0 = Debug|Any CPU
		{3F4BDCDB-EBBC-4F00-BF23-4556135CADAA}.Debug|x64.Deploy.0 = Debug|Any CPU
		{3F4BDCDB-EBBC-4F00-BF23-4556135CADAA}.Debug|x86.ActiveCfg = Debug|Any CPU
		{3F4BDCDB-EBBC-4F00-BF23-4556135CADAA}.Debug|x86.Build.0 = Debug|Any CPU
		{3F4BDCDB-EBBC-4F00-BF23-4556135CADAA}.Debug|x86.Deploy.0 = Debug|Any CPU
		{3F4BDCDB-EBBC-4F00-BF23-4556135CADAA}.Release|Any CPU.ActiveCfg = Release|Any CPU
		{3F4BDCDB-EBBC-4F00-BF23-4556135CADAA}.Release|Any CPU.Build.0 = Release|Any CPU
		{3F4BDCDB-EBBC-4F00-BF23-4556135CADAA}.Release|Any CPU.Deploy.0 = Release|Any CPU
		{3F4BDCDB-EBBC-4F00-BF23-4556135CADAA}.Release|ARM.ActiveCfg = Release|Any CPU
		{3F4BDCDB-EBBC-4F00-BF23-4556135CADAA}.Release|ARM.Build.0 = Release|Any CPU
		{3F4BDCDB-EBBC-4F00-BF23-4556135CADAA}.Release|ARM.Deploy.0 = Release|Any CPU
		{3F4BDCDB-EBBC-4F00-BF23-4556135CADAA}.Release|iPhone.ActiveCfg = Release|Any CPU
		{3F4BDCDB-EBBC-4F00-BF23-4556135CADAA}.Release|iPhone.Build.0 = Release|Any CPU
		{3F4BDCDB-EBBC-4F00-BF23-4556135CADAA}.Release|iPhone.Deploy.0 = Release|Any CPU
		{3F4BDCDB-EBBC-4F00-BF23-4556135CADAA}.Release|iPhoneSimulator.ActiveCfg = Release|Any CPU
		{3F4BDCDB-EBBC-4F00-BF23-4556135CADAA}.Release|iPhoneSimulator.Build.0 = Release|Any CPU
		{3F4BDCDB-EBBC-4F00-BF23-4556135CADAA}.Release|iPhoneSimulator.Deploy.0 = Release|Any CPU
		{3F4BDCDB-EBBC-4F00-BF23-4556135CADAA}.Release|x64.ActiveCfg = Release|Any CPU
		{3F4BDCDB-EBBC-4F00-BF23-4556135CADAA}.Release|x64.Build.0 = Release|Any CPU
		{3F4BDCDB-EBBC-4F00-BF23-4556135CADAA}.Release|x64.Deploy.0 = Release|Any CPU
		{3F4BDCDB-EBBC-4F00-BF23-4556135CADAA}.Release|x86.ActiveCfg = Release|Any CPU
		{3F4BDCDB-EBBC-4F00-BF23-4556135CADAA}.Release|x86.Build.0 = Release|Any CPU
		{3F4BDCDB-EBBC-4F00-BF23-4556135CADAA}.Release|x86.Deploy.0 = Release|Any CPU
		{BBAF3C7C-FA08-40C6-B084-20F45066ACD6}.Ad-Hoc|Any CPU.ActiveCfg = Release|iPhoneSimulator
		{BBAF3C7C-FA08-40C6-B084-20F45066ACD6}.Ad-Hoc|Any CPU.Build.0 = Release|iPhoneSimulator
		{BBAF3C7C-FA08-40C6-B084-20F45066ACD6}.Ad-Hoc|ARM.ActiveCfg = Release|iPhone
		{BBAF3C7C-FA08-40C6-B084-20F45066ACD6}.Ad-Hoc|ARM.Build.0 = Release|iPhone
		{BBAF3C7C-FA08-40C6-B084-20F45066ACD6}.Ad-Hoc|iPhone.ActiveCfg = Release|iPhone
		{BBAF3C7C-FA08-40C6-B084-20F45066ACD6}.Ad-Hoc|iPhone.Build.0 = Release|iPhone
		{BBAF3C7C-FA08-40C6-B084-20F45066ACD6}.Ad-Hoc|iPhoneSimulator.ActiveCfg = Release|iPhoneSimulator
		{BBAF3C7C-FA08-40C6-B084-20F45066ACD6}.Ad-Hoc|iPhoneSimulator.Build.0 = Release|iPhoneSimulator
		{BBAF3C7C-FA08-40C6-B084-20F45066ACD6}.Ad-Hoc|x64.ActiveCfg = Release|iPhone
		{BBAF3C7C-FA08-40C6-B084-20F45066ACD6}.Ad-Hoc|x64.Build.0 = Release|iPhone
		{BBAF3C7C-FA08-40C6-B084-20F45066ACD6}.Ad-Hoc|x86.ActiveCfg = Release|iPhone
		{BBAF3C7C-FA08-40C6-B084-20F45066ACD6}.Ad-Hoc|x86.Build.0 = Release|iPhone
		{BBAF3C7C-FA08-40C6-B084-20F45066ACD6}.AppStore|Any CPU.ActiveCfg = Release|iPhoneSimulator
		{BBAF3C7C-FA08-40C6-B084-20F45066ACD6}.AppStore|Any CPU.Build.0 = Release|iPhoneSimulator
		{BBAF3C7C-FA08-40C6-B084-20F45066ACD6}.AppStore|ARM.ActiveCfg = Release|iPhone
		{BBAF3C7C-FA08-40C6-B084-20F45066ACD6}.AppStore|ARM.Build.0 = Release|iPhone
		{BBAF3C7C-FA08-40C6-B084-20F45066ACD6}.AppStore|iPhone.ActiveCfg = Release|iPhone
		{BBAF3C7C-FA08-40C6-B084-20F45066ACD6}.AppStore|iPhone.Build.0 = Release|iPhone
		{BBAF3C7C-FA08-40C6-B084-20F45066ACD6}.AppStore|iPhoneSimulator.ActiveCfg = Release|iPhoneSimulator
		{BBAF3C7C-FA08-40C6-B084-20F45066ACD6}.AppStore|iPhoneSimulator.Build.0 = Release|iPhoneSimulator
		{BBAF3C7C-FA08-40C6-B084-20F45066ACD6}.AppStore|x64.ActiveCfg = Release|iPhone
		{BBAF3C7C-FA08-40C6-B084-20F45066ACD6}.AppStore|x64.Build.0 = Release|iPhone
		{BBAF3C7C-FA08-40C6-B084-20F45066ACD6}.AppStore|x86.ActiveCfg = Release|iPhone
		{BBAF3C7C-FA08-40C6-B084-20F45066ACD6}.AppStore|x86.Build.0 = Release|iPhone
		{BBAF3C7C-FA08-40C6-B084-20F45066ACD6}.Debug|Any CPU.ActiveCfg = Debug|iPhoneSimulator
		{BBAF3C7C-FA08-40C6-B084-20F45066ACD6}.Debug|ARM.ActiveCfg = Debug|iPhone
		{BBAF3C7C-FA08-40C6-B084-20F45066ACD6}.Debug|iPhone.ActiveCfg = Debug|iPhone
		{BBAF3C7C-FA08-40C6-B084-20F45066ACD6}.Debug|iPhone.Build.0 = Debug|iPhone
		{BBAF3C7C-FA08-40C6-B084-20F45066ACD6}.Debug|iPhoneSimulator.ActiveCfg = Debug|iPhoneSimulator
		{BBAF3C7C-FA08-40C6-B084-20F45066ACD6}.Debug|iPhoneSimulator.Build.0 = Debug|iPhoneSimulator
		{BBAF3C7C-FA08-40C6-B084-20F45066ACD6}.Debug|x64.ActiveCfg = Debug|iPhone
		{BBAF3C7C-FA08-40C6-B084-20F45066ACD6}.Debug|x86.ActiveCfg = Debug|iPhone
		{BBAF3C7C-FA08-40C6-B084-20F45066ACD6}.Release|Any CPU.ActiveCfg = Release|iPhoneSimulator
		{BBAF3C7C-FA08-40C6-B084-20F45066ACD6}.Release|ARM.ActiveCfg = Release|iPhone
		{BBAF3C7C-FA08-40C6-B084-20F45066ACD6}.Release|iPhone.ActiveCfg = Release|iPhone
		{BBAF3C7C-FA08-40C6-B084-20F45066ACD6}.Release|iPhone.Build.0 = Release|iPhone
		{BBAF3C7C-FA08-40C6-B084-20F45066ACD6}.Release|iPhoneSimulator.ActiveCfg = Release|iPhoneSimulator
		{BBAF3C7C-FA08-40C6-B084-20F45066ACD6}.Release|iPhoneSimulator.Build.0 = Release|iPhoneSimulator
		{BBAF3C7C-FA08-40C6-B084-20F45066ACD6}.Release|x64.ActiveCfg = Release|iPhone
		{BBAF3C7C-FA08-40C6-B084-20F45066ACD6}.Release|x86.ActiveCfg = Release|iPhone
		{8F36760C-9513-41D1-A661-364DC251C121}.Ad-Hoc|Any CPU.ActiveCfg = Release|x86
		{8F36760C-9513-41D1-A661-364DC251C121}.Ad-Hoc|Any CPU.Build.0 = Release|x86
		{8F36760C-9513-41D1-A661-364DC251C121}.Ad-Hoc|Any CPU.Deploy.0 = Release|x86
		{8F36760C-9513-41D1-A661-364DC251C121}.Ad-Hoc|ARM.ActiveCfg = Release|ARM
		{8F36760C-9513-41D1-A661-364DC251C121}.Ad-Hoc|ARM.Build.0 = Release|ARM
		{8F36760C-9513-41D1-A661-364DC251C121}.Ad-Hoc|ARM.Deploy.0 = Release|ARM
		{8F36760C-9513-41D1-A661-364DC251C121}.Ad-Hoc|iPhone.ActiveCfg = Release|x86
		{8F36760C-9513-41D1-A661-364DC251C121}.Ad-Hoc|iPhone.Build.0 = Release|x86
		{8F36760C-9513-41D1-A661-364DC251C121}.Ad-Hoc|iPhone.Deploy.0 = Release|x86
		{8F36760C-9513-41D1-A661-364DC251C121}.Ad-Hoc|iPhoneSimulator.ActiveCfg = Release|x86
		{8F36760C-9513-41D1-A661-364DC251C121}.Ad-Hoc|iPhoneSimulator.Build.0 = Release|x86
		{8F36760C-9513-41D1-A661-364DC251C121}.Ad-Hoc|iPhoneSimulator.Deploy.0 = Release|x86
		{8F36760C-9513-41D1-A661-364DC251C121}.Ad-Hoc|x64.ActiveCfg = Release|x64
		{8F36760C-9513-41D1-A661-364DC251C121}.Ad-Hoc|x64.Build.0 = Release|x64
		{8F36760C-9513-41D1-A661-364DC251C121}.Ad-Hoc|x64.Deploy.0 = Release|x64
		{8F36760C-9513-41D1-A661-364DC251C121}.Ad-Hoc|x86.ActiveCfg = Release|x86
		{8F36760C-9513-41D1-A661-364DC251C121}.Ad-Hoc|x86.Build.0 = Release|x86
		{8F36760C-9513-41D1-A661-364DC251C121}.Ad-Hoc|x86.Deploy.0 = Release|x86
		{8F36760C-9513-41D1-A661-364DC251C121}.AppStore|Any CPU.ActiveCfg = Release|x86
		{8F36760C-9513-41D1-A661-364DC251C121}.AppStore|Any CPU.Build.0 = Release|x86
		{8F36760C-9513-41D1-A661-364DC251C121}.AppStore|Any CPU.Deploy.0 = Release|x86
		{8F36760C-9513-41D1-A661-364DC251C121}.AppStore|ARM.ActiveCfg = Release|ARM
		{8F36760C-9513-41D1-A661-364DC251C121}.AppStore|ARM.Build.0 = Release|ARM
		{8F36760C-9513-41D1-A661-364DC251C121}.AppStore|ARM.Deploy.0 = Release|ARM
		{8F36760C-9513-41D1-A661-364DC251C121}.AppStore|iPhone.ActiveCfg = Release|x86
		{8F36760C-9513-41D1-A661-364DC251C121}.AppStore|iPhone.Build.0 = Release|x86
		{8F36760C-9513-41D1-A661-364DC251C121}.AppStore|iPhone.Deploy.0 = Release|x86
		{8F36760C-9513-41D1-A661-364DC251C121}.AppStore|iPhoneSimulator.ActiveCfg = Release|x86
		{8F36760C-9513-41D1-A661-364DC251C121}.AppStore|iPhoneSimulator.Build.0 = Release|x86
		{8F36760C-9513-41D1-A661-364DC251C121}.AppStore|iPhoneSimulator.Deploy.0 = Release|x86
		{8F36760C-9513-41D1-A661-364DC251C121}.AppStore|x64.ActiveCfg = Release|x64
		{8F36760C-9513-41D1-A661-364DC251C121}.AppStore|x64.Build.0 = Release|x64
		{8F36760C-9513-41D1-A661-364DC251C121}.AppStore|x64.Deploy.0 = Release|x64
		{8F36760C-9513-41D1-A661-364DC251C121}.AppStore|x86.ActiveCfg = Release|x86
		{8F36760C-9513-41D1-A661-364DC251C121}.AppStore|x86.Build.0 = Release|x86
		{8F36760C-9513-41D1-A661-364DC251C121}.AppStore|x86.Deploy.0 = Release|x86
		{8F36760C-9513-41D1-A661-364DC251C121}.Debug|Any CPU.ActiveCfg = Debug|x86
		{8F36760C-9513-41D1-A661-364DC251C121}.Debug|ARM.ActiveCfg = Debug|ARM
		{8F36760C-9513-41D1-A661-364DC251C121}.Debug|ARM.Build.0 = Debug|ARM
		{8F36760C-9513-41D1-A661-364DC251C121}.Debug|ARM.Deploy.0 = Debug|ARM
		{8F36760C-9513-41D1-A661-364DC251C121}.Debug|iPhone.ActiveCfg = Debug|x86
		{8F36760C-9513-41D1-A661-364DC251C121}.Debug|iPhoneSimulator.ActiveCfg = Debug|x86
		{8F36760C-9513-41D1-A661-364DC251C121}.Debug|x64.ActiveCfg = Debug|x64
		{8F36760C-9513-41D1-A661-364DC251C121}.Debug|x64.Build.0 = Debug|x64
		{8F36760C-9513-41D1-A661-364DC251C121}.Debug|x64.Deploy.0 = Debug|x64
		{8F36760C-9513-41D1-A661-364DC251C121}.Debug|x86.ActiveCfg = Debug|x86
		{8F36760C-9513-41D1-A661-364DC251C121}.Debug|x86.Build.0 = Debug|x86
		{8F36760C-9513-41D1-A661-364DC251C121}.Debug|x86.Deploy.0 = Debug|x86
		{8F36760C-9513-41D1-A661-364DC251C121}.Release|Any CPU.ActiveCfg = Release|x86
		{8F36760C-9513-41D1-A661-364DC251C121}.Release|ARM.ActiveCfg = Release|ARM
		{8F36760C-9513-41D1-A661-364DC251C121}.Release|ARM.Build.0 = Release|ARM
		{8F36760C-9513-41D1-A661-364DC251C121}.Release|ARM.Deploy.0 = Release|ARM
		{8F36760C-9513-41D1-A661-364DC251C121}.Release|iPhone.ActiveCfg = Release|x86
		{8F36760C-9513-41D1-A661-364DC251C121}.Release|iPhoneSimulator.ActiveCfg = Release|x86
		{8F36760C-9513-41D1-A661-364DC251C121}.Release|x64.ActiveCfg = Release|x64
		{8F36760C-9513-41D1-A661-364DC251C121}.Release|x64.Build.0 = Release|x64
		{8F36760C-9513-41D1-A661-364DC251C121}.Release|x64.Deploy.0 = Release|x64
		{8F36760C-9513-41D1-A661-364DC251C121}.Release|x86.ActiveCfg = Release|x86
		{8F36760C-9513-41D1-A661-364DC251C121}.Release|x86.Build.0 = Release|x86
		{8F36760C-9513-41D1-A661-364DC251C121}.Release|x86.Deploy.0 = Release|x86
		{E42AC8D2-75C8-4520-874A-E3D771D61DE1}.Ad-Hoc|Any CPU.ActiveCfg = Release|Any CPU
		{E42AC8D2-75C8-4520-874A-E3D771D61DE1}.Ad-Hoc|Any CPU.Build.0 = Release|Any CPU
		{E42AC8D2-75C8-4520-874A-E3D771D61DE1}.Ad-Hoc|Any CPU.Deploy.0 = Release|Any CPU
		{E42AC8D2-75C8-4520-874A-E3D771D61DE1}.Ad-Hoc|ARM.ActiveCfg = Release|Any CPU
		{E42AC8D2-75C8-4520-874A-E3D771D61DE1}.Ad-Hoc|ARM.Build.0 = Release|Any CPU
		{E42AC8D2-75C8-4520-874A-E3D771D61DE1}.Ad-Hoc|ARM.Deploy.0 = Release|Any CPU
		{E42AC8D2-75C8-4520-874A-E3D771D61DE1}.Ad-Hoc|iPhone.ActiveCfg = Release|Any CPU
		{E42AC8D2-75C8-4520-874A-E3D771D61DE1}.Ad-Hoc|iPhone.Build.0 = Release|Any CPU
		{E42AC8D2-75C8-4520-874A-E3D771D61DE1}.Ad-Hoc|iPhone.Deploy.0 = Release|Any CPU
		{E42AC8D2-75C8-4520-874A-E3D771D61DE1}.Ad-Hoc|iPhoneSimulator.ActiveCfg = Release|Any CPU
		{E42AC8D2-75C8-4520-874A-E3D771D61DE1}.Ad-Hoc|iPhoneSimulator.Build.0 = Release|Any CPU
		{E42AC8D2-75C8-4520-874A-E3D771D61DE1}.Ad-Hoc|iPhoneSimulator.Deploy.0 = Release|Any CPU
		{E42AC8D2-75C8-4520-874A-E3D771D61DE1}.Ad-Hoc|x64.ActiveCfg = Release|Any CPU
		{E42AC8D2-75C8-4520-874A-E3D771D61DE1}.Ad-Hoc|x64.Build.0 = Release|Any CPU
		{E42AC8D2-75C8-4520-874A-E3D771D61DE1}.Ad-Hoc|x64.Deploy.0 = Release|Any CPU
		{E42AC8D2-75C8-4520-874A-E3D771D61DE1}.Ad-Hoc|x86.ActiveCfg = Release|Any CPU
		{E42AC8D2-75C8-4520-874A-E3D771D61DE1}.Ad-Hoc|x86.Build.0 = Release|Any CPU
		{E42AC8D2-75C8-4520-874A-E3D771D61DE1}.Ad-Hoc|x86.Deploy.0 = Release|Any CPU
		{E42AC8D2-75C8-4520-874A-E3D771D61DE1}.AppStore|Any CPU.ActiveCfg = Release|Any CPU
		{E42AC8D2-75C8-4520-874A-E3D771D61DE1}.AppStore|Any CPU.Build.0 = Release|Any CPU
		{E42AC8D2-75C8-4520-874A-E3D771D61DE1}.AppStore|Any CPU.Deploy.0 = Release|Any CPU
		{E42AC8D2-75C8-4520-874A-E3D771D61DE1}.AppStore|ARM.ActiveCfg = Release|Any CPU
		{E42AC8D2-75C8-4520-874A-E3D771D61DE1}.AppStore|ARM.Build.0 = Release|Any CPU
		{E42AC8D2-75C8-4520-874A-E3D771D61DE1}.AppStore|ARM.Deploy.0 = Release|Any CPU
		{E42AC8D2-75C8-4520-874A-E3D771D61DE1}.AppStore|iPhone.ActiveCfg = Release|Any CPU
		{E42AC8D2-75C8-4520-874A-E3D771D61DE1}.AppStore|iPhone.Build.0 = Release|Any CPU
		{E42AC8D2-75C8-4520-874A-E3D771D61DE1}.AppStore|iPhone.Deploy.0 = Release|Any CPU
		{E42AC8D2-75C8-4520-874A-E3D771D61DE1}.AppStore|iPhoneSimulator.ActiveCfg = Release|Any CPU
		{E42AC8D2-75C8-4520-874A-E3D771D61DE1}.AppStore|iPhoneSimulator.Build.0 = Release|Any CPU
		{E42AC8D2-75C8-4520-874A-E3D771D61DE1}.AppStore|iPhoneSimulator.Deploy.0 = Release|Any CPU
		{E42AC8D2-75C8-4520-874A-E3D771D61DE1}.AppStore|x64.ActiveCfg = Release|Any CPU
		{E42AC8D2-75C8-4520-874A-E3D771D61DE1}.AppStore|x64.Build.0 = Release|Any CPU
		{E42AC8D2-75C8-4520-874A-E3D771D61DE1}.AppStore|x64.Deploy.0 = Release|Any CPU
		{E42AC8D2-75C8-4520-874A-E3D771D61DE1}.AppStore|x86.ActiveCfg = Release|Any CPU
		{E42AC8D2-75C8-4520-874A-E3D771D61DE1}.AppStore|x86.Build.0 = Release|Any CPU
		{E42AC8D2-75C8-4520-874A-E3D771D61DE1}.AppStore|x86.Deploy.0 = Release|Any CPU
		{E42AC8D2-75C8-4520-874A-E3D771D61DE1}.Debug|Any CPU.ActiveCfg = Debug|Any CPU
		{E42AC8D2-75C8-4520-874A-E3D771D61DE1}.Debug|Any CPU.Build.0 = Debug|Any CPU
		{E42AC8D2-75C8-4520-874A-E3D771D61DE1}.Debug|Any CPU.Deploy.0 = Debug|Any CPU
		{E42AC8D2-75C8-4520-874A-E3D771D61DE1}.Debug|ARM.ActiveCfg = Debug|Any CPU
		{E42AC8D2-75C8-4520-874A-E3D771D61DE1}.Debug|ARM.Build.0 = Debug|Any CPU
		{E42AC8D2-75C8-4520-874A-E3D771D61DE1}.Debug|ARM.Deploy.0 = Debug|Any CPU
		{E42AC8D2-75C8-4520-874A-E3D771D61DE1}.Debug|iPhone.ActiveCfg = Debug|Any CPU
		{E42AC8D2-75C8-4520-874A-E3D771D61DE1}.Debug|iPhone.Build.0 = Debug|Any CPU
		{E42AC8D2-75C8-4520-874A-E3D771D61DE1}.Debug|iPhone.Deploy.0 = Debug|Any CPU
		{E42AC8D2-75C8-4520-874A-E3D771D61DE1}.Debug|iPhoneSimulator.ActiveCfg = Debug|Any CPU
		{E42AC8D2-75C8-4520-874A-E3D771D61DE1}.Debug|iPhoneSimulator.Build.0 = Debug|Any CPU
		{E42AC8D2-75C8-4520-874A-E3D771D61DE1}.Debug|iPhoneSimulator.Deploy.0 = Debug|Any CPU
		{E42AC8D2-75C8-4520-874A-E3D771D61DE1}.Debug|x64.ActiveCfg = Debug|Any CPU
		{E42AC8D2-75C8-4520-874A-E3D771D61DE1}.Debug|x64.Build.0 = Debug|Any CPU
		{E42AC8D2-75C8-4520-874A-E3D771D61DE1}.Debug|x64.Deploy.0 = Debug|Any CPU
		{E42AC8D2-75C8-4520-874A-E3D771D61DE1}.Debug|x86.ActiveCfg = Debug|Any CPU
		{E42AC8D2-75C8-4520-874A-E3D771D61DE1}.Debug|x86.Build.0 = Debug|Any CPU
		{E42AC8D2-75C8-4520-874A-E3D771D61DE1}.Debug|x86.Deploy.0 = Debug|Any CPU
		{E42AC8D2-75C8-4520-874A-E3D771D61DE1}.Release|Any CPU.ActiveCfg = Release|Any CPU
		{E42AC8D2-75C8-4520-874A-E3D771D61DE1}.Release|Any CPU.Build.0 = Release|Any CPU
		{E42AC8D2-75C8-4520-874A-E3D771D61DE1}.Release|Any CPU.Deploy.0 = Release|Any CPU
		{E42AC8D2-75C8-4520-874A-E3D771D61DE1}.Release|ARM.ActiveCfg = Release|Any CPU
		{E42AC8D2-75C8-4520-874A-E3D771D61DE1}.Release|ARM.Build.0 = Release|Any CPU
		{E42AC8D2-75C8-4520-874A-E3D771D61DE1}.Release|ARM.Deploy.0 = Release|Any CPU
		{E42AC8D2-75C8-4520-874A-E3D771D61DE1}.Release|iPhone.ActiveCfg = Release|Any CPU
		{E42AC8D2-75C8-4520-874A-E3D771D61DE1}.Release|iPhone.Build.0 = Release|Any CPU
		{E42AC8D2-75C8-4520-874A-E3D771D61DE1}.Release|iPhone.Deploy.0 = Release|Any CPU
		{E42AC8D2-75C8-4520-874A-E3D771D61DE1}.Release|iPhoneSimulator.ActiveCfg = Release|Any CPU
		{E42AC8D2-75C8-4520-874A-E3D771D61DE1}.Release|iPhoneSimulator.Build.0 = Release|Any CPU
		{E42AC8D2-75C8-4520-874A-E3D771D61DE1}.Release|iPhoneSimulator.Deploy.0 = Release|Any CPU
		{E42AC8D2-75C8-4520-874A-E3D771D61DE1}.Release|x64.ActiveCfg = Release|Any CPU
		{E42AC8D2-75C8-4520-874A-E3D771D61DE1}.Release|x64.Build.0 = Release|Any CPU
		{E42AC8D2-75C8-4520-874A-E3D771D61DE1}.Release|x64.Deploy.0 = Release|Any CPU
		{E42AC8D2-75C8-4520-874A-E3D771D61DE1}.Release|x86.ActiveCfg = Release|Any CPU
		{E42AC8D2-75C8-4520-874A-E3D771D61DE1}.Release|x86.Build.0 = Release|Any CPU
		{E42AC8D2-75C8-4520-874A-E3D771D61DE1}.Release|x86.Deploy.0 = Release|Any CPU
		{80A1EEC0-2887-4973-93A6-8B434EC86872}.Ad-Hoc|Any CPU.ActiveCfg = Release|Any CPU
		{80A1EEC0-2887-4973-93A6-8B434EC86872}.Ad-Hoc|Any CPU.Build.0 = Release|Any CPU
		{80A1EEC0-2887-4973-93A6-8B434EC86872}.Ad-Hoc|ARM.ActiveCfg = Release|Any CPU
		{80A1EEC0-2887-4973-93A6-8B434EC86872}.Ad-Hoc|ARM.Build.0 = Release|Any CPU
		{80A1EEC0-2887-4973-93A6-8B434EC86872}.Ad-Hoc|iPhone.ActiveCfg = Release|Any CPU
		{80A1EEC0-2887-4973-93A6-8B434EC86872}.Ad-Hoc|iPhone.Build.0 = Release|Any CPU
		{80A1EEC0-2887-4973-93A6-8B434EC86872}.Ad-Hoc|iPhoneSimulator.ActiveCfg = Release|Any CPU
		{80A1EEC0-2887-4973-93A6-8B434EC86872}.Ad-Hoc|iPhoneSimulator.Build.0 = Release|Any CPU
		{80A1EEC0-2887-4973-93A6-8B434EC86872}.Ad-Hoc|x64.ActiveCfg = Release|Any CPU
		{80A1EEC0-2887-4973-93A6-8B434EC86872}.Ad-Hoc|x64.Build.0 = Release|Any CPU
		{80A1EEC0-2887-4973-93A6-8B434EC86872}.Ad-Hoc|x86.ActiveCfg = Release|Any CPU
		{80A1EEC0-2887-4973-93A6-8B434EC86872}.Ad-Hoc|x86.Build.0 = Release|Any CPU
		{80A1EEC0-2887-4973-93A6-8B434EC86872}.AppStore|Any CPU.ActiveCfg = Release|Any CPU
		{80A1EEC0-2887-4973-93A6-8B434EC86872}.AppStore|Any CPU.Build.0 = Release|Any CPU
		{80A1EEC0-2887-4973-93A6-8B434EC86872}.AppStore|ARM.ActiveCfg = Release|Any CPU
		{80A1EEC0-2887-4973-93A6-8B434EC86872}.AppStore|ARM.Build.0 = Release|Any CPU
		{80A1EEC0-2887-4973-93A6-8B434EC86872}.AppStore|iPhone.ActiveCfg = Release|Any CPU
		{80A1EEC0-2887-4973-93A6-8B434EC86872}.AppStore|iPhone.Build.0 = Release|Any CPU
		{80A1EEC0-2887-4973-93A6-8B434EC86872}.AppStore|iPhoneSimulator.ActiveCfg = Release|Any CPU
		{80A1EEC0-2887-4973-93A6-8B434EC86872}.AppStore|iPhoneSimulator.Build.0 = Release|Any CPU
		{80A1EEC0-2887-4973-93A6-8B434EC86872}.AppStore|x64.ActiveCfg = Release|Any CPU
		{80A1EEC0-2887-4973-93A6-8B434EC86872}.AppStore|x64.Build.0 = Release|Any CPU
		{80A1EEC0-2887-4973-93A6-8B434EC86872}.AppStore|x86.ActiveCfg = Release|Any CPU
		{80A1EEC0-2887-4973-93A6-8B434EC86872}.AppStore|x86.Build.0 = Release|Any CPU
		{80A1EEC0-2887-4973-93A6-8B434EC86872}.Debug|Any CPU.ActiveCfg = Debug|Any CPU
		{80A1EEC0-2887-4973-93A6-8B434EC86872}.Debug|Any CPU.Build.0 = Debug|Any CPU
		{80A1EEC0-2887-4973-93A6-8B434EC86872}.Debug|ARM.ActiveCfg = Debug|Any CPU
		{80A1EEC0-2887-4973-93A6-8B434EC86872}.Debug|ARM.Build.0 = Debug|Any CPU
		{80A1EEC0-2887-4973-93A6-8B434EC86872}.Debug|iPhone.ActiveCfg = Debug|Any CPU
		{80A1EEC0-2887-4973-93A6-8B434EC86872}.Debug|iPhone.Build.0 = Debug|Any CPU
		{80A1EEC0-2887-4973-93A6-8B434EC86872}.Debug|iPhoneSimulator.ActiveCfg = Debug|Any CPU
		{80A1EEC0-2887-4973-93A6-8B434EC86872}.Debug|iPhoneSimulator.Build.0 = Debug|Any CPU
		{80A1EEC0-2887-4973-93A6-8B434EC86872}.Debug|x64.ActiveCfg = Debug|Any CPU
		{80A1EEC0-2887-4973-93A6-8B434EC86872}.Debug|x64.Build.0 = Debug|Any CPU
		{80A1EEC0-2887-4973-93A6-8B434EC86872}.Debug|x86.ActiveCfg = Debug|Any CPU
		{80A1EEC0-2887-4973-93A6-8B434EC86872}.Debug|x86.Build.0 = Debug|Any CPU
		{80A1EEC0-2887-4973-93A6-8B434EC86872}.Release|Any CPU.ActiveCfg = Release|Any CPU
		{80A1EEC0-2887-4973-93A6-8B434EC86872}.Release|Any CPU.Build.0 = Release|Any CPU
		{80A1EEC0-2887-4973-93A6-8B434EC86872}.Release|ARM.ActiveCfg = Release|Any CPU
		{80A1EEC0-2887-4973-93A6-8B434EC86872}.Release|ARM.Build.0 = Release|Any CPU
		{80A1EEC0-2887-4973-93A6-8B434EC86872}.Release|iPhone.ActiveCfg = Release|Any CPU
		{80A1EEC0-2887-4973-93A6-8B434EC86872}.Release|iPhone.Build.0 = Release|Any CPU
		{80A1EEC0-2887-4973-93A6-8B434EC86872}.Release|iPhoneSimulator.ActiveCfg = Release|Any CPU
		{80A1EEC0-2887-4973-93A6-8B434EC86872}.Release|iPhoneSimulator.Build.0 = Release|Any CPU
		{80A1EEC0-2887-4973-93A6-8B434EC86872}.Release|x64.ActiveCfg = Release|Any CPU
		{80A1EEC0-2887-4973-93A6-8B434EC86872}.Release|x64.Build.0 = Release|Any CPU
		{80A1EEC0-2887-4973-93A6-8B434EC86872}.Release|x86.ActiveCfg = Release|Any CPU
		{80A1EEC0-2887-4973-93A6-8B434EC86872}.Release|x86.Build.0 = Release|Any CPU
		{C911AB17-D945-40D0-8D2B-592CAA26ADC6}.Ad-Hoc|Any CPU.ActiveCfg = Release|x86
		{C911AB17-D945-40D0-8D2B-592CAA26ADC6}.Ad-Hoc|Any CPU.Build.0 = Release|x86
		{C911AB17-D945-40D0-8D2B-592CAA26ADC6}.Ad-Hoc|Any CPU.Deploy.0 = Release|x86
		{C911AB17-D945-40D0-8D2B-592CAA26ADC6}.Ad-Hoc|ARM.ActiveCfg = Release|ARM
		{C911AB17-D945-40D0-8D2B-592CAA26ADC6}.Ad-Hoc|ARM.Build.0 = Release|ARM
		{C911AB17-D945-40D0-8D2B-592CAA26ADC6}.Ad-Hoc|ARM.Deploy.0 = Release|ARM
		{C911AB17-D945-40D0-8D2B-592CAA26ADC6}.Ad-Hoc|iPhone.ActiveCfg = Release|x86
		{C911AB17-D945-40D0-8D2B-592CAA26ADC6}.Ad-Hoc|iPhone.Build.0 = Release|x86
		{C911AB17-D945-40D0-8D2B-592CAA26ADC6}.Ad-Hoc|iPhone.Deploy.0 = Release|x86
		{C911AB17-D945-40D0-8D2B-592CAA26ADC6}.Ad-Hoc|iPhoneSimulator.ActiveCfg = Release|x86
		{C911AB17-D945-40D0-8D2B-592CAA26ADC6}.Ad-Hoc|iPhoneSimulator.Build.0 = Release|x86
		{C911AB17-D945-40D0-8D2B-592CAA26ADC6}.Ad-Hoc|iPhoneSimulator.Deploy.0 = Release|x86
		{C911AB17-D945-40D0-8D2B-592CAA26ADC6}.Ad-Hoc|x64.ActiveCfg = Release|x64
		{C911AB17-D945-40D0-8D2B-592CAA26ADC6}.Ad-Hoc|x64.Build.0 = Release|x64
		{C911AB17-D945-40D0-8D2B-592CAA26ADC6}.Ad-Hoc|x64.Deploy.0 = Release|x64
		{C911AB17-D945-40D0-8D2B-592CAA26ADC6}.Ad-Hoc|x86.ActiveCfg = Release|x86
		{C911AB17-D945-40D0-8D2B-592CAA26ADC6}.Ad-Hoc|x86.Build.0 = Release|x86
		{C911AB17-D945-40D0-8D2B-592CAA26ADC6}.Ad-Hoc|x86.Deploy.0 = Release|x86
		{C911AB17-D945-40D0-8D2B-592CAA26ADC6}.AppStore|Any CPU.ActiveCfg = Release|x86
		{C911AB17-D945-40D0-8D2B-592CAA26ADC6}.AppStore|Any CPU.Build.0 = Release|x86
		{C911AB17-D945-40D0-8D2B-592CAA26ADC6}.AppStore|Any CPU.Deploy.0 = Release|x86
		{C911AB17-D945-40D0-8D2B-592CAA26ADC6}.AppStore|ARM.ActiveCfg = Release|ARM
		{C911AB17-D945-40D0-8D2B-592CAA26ADC6}.AppStore|ARM.Build.0 = Release|ARM
		{C911AB17-D945-40D0-8D2B-592CAA26ADC6}.AppStore|ARM.Deploy.0 = Release|ARM
		{C911AB17-D945-40D0-8D2B-592CAA26ADC6}.AppStore|iPhone.ActiveCfg = Release|x86
		{C911AB17-D945-40D0-8D2B-592CAA26ADC6}.AppStore|iPhone.Build.0 = Release|x86
		{C911AB17-D945-40D0-8D2B-592CAA26ADC6}.AppStore|iPhone.Deploy.0 = Release|x86
		{C911AB17-D945-40D0-8D2B-592CAA26ADC6}.AppStore|iPhoneSimulator.ActiveCfg = Release|x86
		{C911AB17-D945-40D0-8D2B-592CAA26ADC6}.AppStore|iPhoneSimulator.Build.0 = Release|x86
		{C911AB17-D945-40D0-8D2B-592CAA26ADC6}.AppStore|iPhoneSimulator.Deploy.0 = Release|x86
		{C911AB17-D945-40D0-8D2B-592CAA26ADC6}.AppStore|x64.ActiveCfg = Release|x64
		{C911AB17-D945-40D0-8D2B-592CAA26ADC6}.AppStore|x64.Build.0 = Release|x64
		{C911AB17-D945-40D0-8D2B-592CAA26ADC6}.AppStore|x64.Deploy.0 = Release|x64
		{C911AB17-D945-40D0-8D2B-592CAA26ADC6}.AppStore|x86.ActiveCfg = Release|x86
		{C911AB17-D945-40D0-8D2B-592CAA26ADC6}.AppStore|x86.Build.0 = Release|x86
		{C911AB17-D945-40D0-8D2B-592CAA26ADC6}.AppStore|x86.Deploy.0 = Release|x86
		{C911AB17-D945-40D0-8D2B-592CAA26ADC6}.Debug|Any CPU.ActiveCfg = Debug|x86
		{C911AB17-D945-40D0-8D2B-592CAA26ADC6}.Debug|ARM.ActiveCfg = Debug|ARM
		{C911AB17-D945-40D0-8D2B-592CAA26ADC6}.Debug|ARM.Build.0 = Debug|ARM
		{C911AB17-D945-40D0-8D2B-592CAA26ADC6}.Debug|ARM.Deploy.0 = Debug|ARM
		{C911AB17-D945-40D0-8D2B-592CAA26ADC6}.Debug|iPhone.ActiveCfg = Debug|x86
		{C911AB17-D945-40D0-8D2B-592CAA26ADC6}.Debug|iPhoneSimulator.ActiveCfg = Debug|x86
		{C911AB17-D945-40D0-8D2B-592CAA26ADC6}.Debug|x64.ActiveCfg = Debug|x64
		{C911AB17-D945-40D0-8D2B-592CAA26ADC6}.Debug|x64.Build.0 = Debug|x64
		{C911AB17-D945-40D0-8D2B-592CAA26ADC6}.Debug|x64.Deploy.0 = Debug|x64
		{C911AB17-D945-40D0-8D2B-592CAA26ADC6}.Debug|x86.ActiveCfg = Debug|x86
		{C911AB17-D945-40D0-8D2B-592CAA26ADC6}.Debug|x86.Build.0 = Debug|x86
		{C911AB17-D945-40D0-8D2B-592CAA26ADC6}.Debug|x86.Deploy.0 = Debug|x86
		{C911AB17-D945-40D0-8D2B-592CAA26ADC6}.Release|Any CPU.ActiveCfg = Release|x86
		{C911AB17-D945-40D0-8D2B-592CAA26ADC6}.Release|ARM.ActiveCfg = Release|ARM
		{C911AB17-D945-40D0-8D2B-592CAA26ADC6}.Release|ARM.Build.0 = Release|ARM
		{C911AB17-D945-40D0-8D2B-592CAA26ADC6}.Release|ARM.Deploy.0 = Release|ARM
		{C911AB17-D945-40D0-8D2B-592CAA26ADC6}.Release|iPhone.ActiveCfg = Release|x86
		{C911AB17-D945-40D0-8D2B-592CAA26ADC6}.Release|iPhoneSimulator.ActiveCfg = Release|x86
		{C911AB17-D945-40D0-8D2B-592CAA26ADC6}.Release|x64.ActiveCfg = Release|x64
		{C911AB17-D945-40D0-8D2B-592CAA26ADC6}.Release|x64.Build.0 = Release|x64
		{C911AB17-D945-40D0-8D2B-592CAA26ADC6}.Release|x64.Deploy.0 = Release|x64
		{C911AB17-D945-40D0-8D2B-592CAA26ADC6}.Release|x86.ActiveCfg = Release|x86
		{C911AB17-D945-40D0-8D2B-592CAA26ADC6}.Release|x86.Build.0 = Release|x86
		{C911AB17-D945-40D0-8D2B-592CAA26ADC6}.Release|x86.Deploy.0 = Release|x86
		{D69D7900-5202-48A4-BCF1-BD9F0A6E4048}.Ad-Hoc|Any CPU.ActiveCfg = Ad-Hoc|iPhoneSimulator
		{D69D7900-5202-48A4-BCF1-BD9F0A6E4048}.Ad-Hoc|ARM.ActiveCfg = Ad-Hoc|iPhone
		{D69D7900-5202-48A4-BCF1-BD9F0A6E4048}.Ad-Hoc|iPhone.ActiveCfg = Ad-Hoc|iPhone
		{D69D7900-5202-48A4-BCF1-BD9F0A6E4048}.Ad-Hoc|iPhone.Build.0 = Ad-Hoc|iPhone
		{D69D7900-5202-48A4-BCF1-BD9F0A6E4048}.Ad-Hoc|iPhoneSimulator.ActiveCfg = Ad-Hoc|iPhoneSimulator
		{D69D7900-5202-48A4-BCF1-BD9F0A6E4048}.Ad-Hoc|iPhoneSimulator.Build.0 = Ad-Hoc|iPhoneSimulator
		{D69D7900-5202-48A4-BCF1-BD9F0A6E4048}.Ad-Hoc|x64.ActiveCfg = Ad-Hoc|iPhone
		{D69D7900-5202-48A4-BCF1-BD9F0A6E4048}.Ad-Hoc|x86.ActiveCfg = Ad-Hoc|iPhone
		{D69D7900-5202-48A4-BCF1-BD9F0A6E4048}.AppStore|Any CPU.ActiveCfg = AppStore|iPhoneSimulator
		{D69D7900-5202-48A4-BCF1-BD9F0A6E4048}.AppStore|ARM.ActiveCfg = AppStore|iPhone
		{D69D7900-5202-48A4-BCF1-BD9F0A6E4048}.AppStore|iPhone.ActiveCfg = AppStore|iPhone
		{D69D7900-5202-48A4-BCF1-BD9F0A6E4048}.AppStore|iPhone.Build.0 = AppStore|iPhone
		{D69D7900-5202-48A4-BCF1-BD9F0A6E4048}.AppStore|iPhoneSimulator.ActiveCfg = AppStore|iPhoneSimulator
		{D69D7900-5202-48A4-BCF1-BD9F0A6E4048}.AppStore|iPhoneSimulator.Build.0 = AppStore|iPhoneSimulator
		{D69D7900-5202-48A4-BCF1-BD9F0A6E4048}.AppStore|x64.ActiveCfg = AppStore|iPhone
		{D69D7900-5202-48A4-BCF1-BD9F0A6E4048}.AppStore|x86.ActiveCfg = AppStore|iPhone
		{D69D7900-5202-48A4-BCF1-BD9F0A6E4048}.Debug|Any CPU.ActiveCfg = Debug|iPhoneSimulator
		{D69D7900-5202-48A4-BCF1-BD9F0A6E4048}.Debug|ARM.ActiveCfg = Debug|iPhone
		{D69D7900-5202-48A4-BCF1-BD9F0A6E4048}.Debug|iPhone.ActiveCfg = Debug|iPhone
		{D69D7900-5202-48A4-BCF1-BD9F0A6E4048}.Debug|iPhone.Build.0 = Debug|iPhone
		{D69D7900-5202-48A4-BCF1-BD9F0A6E4048}.Debug|iPhoneSimulator.ActiveCfg = Debug|iPhoneSimulator
		{D69D7900-5202-48A4-BCF1-BD9F0A6E4048}.Debug|iPhoneSimulator.Build.0 = Debug|iPhoneSimulator
		{D69D7900-5202-48A4-BCF1-BD9F0A6E4048}.Debug|x64.ActiveCfg = Debug|iPhone
		{D69D7900-5202-48A4-BCF1-BD9F0A6E4048}.Debug|x86.ActiveCfg = Debug|iPhone
		{D69D7900-5202-48A4-BCF1-BD9F0A6E4048}.Release|Any CPU.ActiveCfg = Release|iPhoneSimulator
		{D69D7900-5202-48A4-BCF1-BD9F0A6E4048}.Release|ARM.ActiveCfg = Release|iPhone
		{D69D7900-5202-48A4-BCF1-BD9F0A6E4048}.Release|iPhone.ActiveCfg = Release|iPhone
		{D69D7900-5202-48A4-BCF1-BD9F0A6E4048}.Release|iPhone.Build.0 = Release|iPhone
		{D69D7900-5202-48A4-BCF1-BD9F0A6E4048}.Release|iPhoneSimulator.ActiveCfg = Release|iPhoneSimulator
		{D69D7900-5202-48A4-BCF1-BD9F0A6E4048}.Release|iPhoneSimulator.Build.0 = Release|iPhoneSimulator
		{D69D7900-5202-48A4-BCF1-BD9F0A6E4048}.Release|x64.ActiveCfg = Release|iPhone
		{D69D7900-5202-48A4-BCF1-BD9F0A6E4048}.Release|x86.ActiveCfg = Release|iPhone
	EndGlobalSection
	GlobalSection(SolutionProperties) = preSolution
		HideSolutionNode = FALSE
	EndGlobalSection
	GlobalSection(ExtensibilityGlobals) = postSolution
		SolutionGuid = {DC3CE1F7-33C6-4B0F-A007-8D6B84440662}
	EndGlobalSection
EndGlobal
